// !$*UTF8*$!
{
	archiveVersion = 1;
	classes = {
	};
	objectVersion = 46;
	objects = {

/* Begin PBXBuildFile section */
		EA148E3918D46D2A009BA7B2 /* LICENSE in Resources */ = {isa = PBXBuildFile; fileRef = EA148E3018D46D2A009BA7B2 /* LICENSE */; };
		EA148E3A18D46D2A009BA7B2 /* README2.md in Resources */ = {isa = PBXBuildFile; fileRef = EA148E3118D46D2A009BA7B2 /* README2.md */; };
		EA148E3B18D46D2A009BA7B2 /* RIButtonItem.m in Sources */ = {isa = PBXBuildFile; fileRef = EA148E3318D46D2A009BA7B2 /* RIButtonItem.m */; };
		EA148E3C18D46D2A009BA7B2 /* UIActionSheet+Blocks.m in Sources */ = {isa = PBXBuildFile; fileRef = EA148E3518D46D2A009BA7B2 /* UIActionSheet+Blocks.m */; };
		EA148E3D18D46D2A009BA7B2 /* UIAlertView+Blocks.m in Sources */ = {isa = PBXBuildFile; fileRef = EA148E3718D46D2A009BA7B2 /* UIAlertView+Blocks.m */; };
		EA148E3E18D46D2A009BA7B2 /* UIAlertView-Blocks.podspec in Resources */ = {isa = PBXBuildFile; fileRef = EA148E3818D46D2A009BA7B2 /* UIAlertView-Blocks.podspec */; };
		EA1CF948187C359300E35999 /* Localizable.strings in Resources */ = {isa = PBXBuildFile; fileRef = EA1CF94A187C359300E35999 /* Localizable.strings */; };
		EA2ADA6E18F17A3C009C33C7 /* BABY.aif in Resources */ = {isa = PBXBuildFile; fileRef = EA2ADA6418F17A3C009C33C7 /* BABY.aif */; };
		EA2ADA6F18F17A3C009C33C7 /* BABY_Notif.aif in Resources */ = {isa = PBXBuildFile; fileRef = EA2ADA6518F17A3C009C33C7 /* BABY_Notif.aif */; };
		EA2ADA7018F17A3C009C33C7 /* BELL.aif in Resources */ = {isa = PBXBuildFile; fileRef = EA2ADA6618F17A3C009C33C7 /* BELL.aif */; };
		EA2ADA7118F17A3C009C33C7 /* BELL_Notif.aif in Resources */ = {isa = PBXBuildFile; fileRef = EA2ADA6718F17A3C009C33C7 /* BELL_Notif.aif */; };
		EA2ADA7218F17A3C009C33C7 /* DISCO MODE.aif in Resources */ = {isa = PBXBuildFile; fileRef = EA2ADA6818F17A3C009C33C7 /* DISCO MODE.aif */; };
		EA2ADA7318F17A3C009C33C7 /* DISCO MODE_Notif.aif in Resources */ = {isa = PBXBuildFile; fileRef = EA2ADA6918F17A3C009C33C7 /* DISCO MODE_Notif.aif */; };
		EA2ADA7418F17A3C009C33C7 /* DOG.aif in Resources */ = {isa = PBXBuildFile; fileRef = EA2ADA6A18F17A3C009C33C7 /* DOG.aif */; };
		EA2ADA7518F17A3C009C33C7 /* DOG_Notif.aif in Resources */ = {isa = PBXBuildFile; fileRef = EA2ADA6B18F17A3C009C33C7 /* DOG_Notif.aif */; };
		EA2ADA7618F17A3C009C33C7 /* HARD MODE.aif in Resources */ = {isa = PBXBuildFile; fileRef = EA2ADA6C18F17A3C009C33C7 /* HARD MODE.aif */; };
		EA2ADA7718F17A3C009C33C7 /* HARD MODE_Notif.aif in Resources */ = {isa = PBXBuildFile; fileRef = EA2ADA6D18F17A3C009C33C7 /* HARD MODE_Notif.aif */; };
		EA32C38419D1173B009BD9EC /* ImageIO.framework in Frameworks */ = {isa = PBXBuildFile; fileRef = EA32C38319D1173B009BD9EC /* ImageIO.framework */; };
		EA3A86B2181A76920094B3C0 /* Foundation.framework in Frameworks */ = {isa = PBXBuildFile; fileRef = EA3A86B1181A76920094B3C0 /* Foundation.framework */; };
		EA3A86B6181A76920094B3C0 /* UIKit.framework in Frameworks */ = {isa = PBXBuildFile; fileRef = EA3A86B5181A76920094B3C0 /* UIKit.framework */; };
		EA3A86BC181A76920094B3C0 /* InfoPlist.strings in Resources */ = {isa = PBXBuildFile; fileRef = EA3A86BA181A76920094B3C0 /* InfoPlist.strings */; };
		EA3A86BE181A76920094B3C0 /* main.m in Sources */ = {isa = PBXBuildFile; fileRef = EA3A86BD181A76920094B3C0 /* main.m */; };
		EA3A86C2181A76920094B3C0 /* AlarmAppDelegate.m in Sources */ = {isa = PBXBuildFile; fileRef = EA3A86C1181A76920094B3C0 /* AlarmAppDelegate.m */; };
		EA3A86C8181A76920094B3C0 /* AlarmViewController.m in Sources */ = {isa = PBXBuildFile; fileRef = EA3A86C7181A76920094B3C0 /* AlarmViewController.m */; };
		EA3A86CA181A76920094B3C0 /* Images.xcassets in Resources */ = {isa = PBXBuildFile; fileRef = EA3A86C9181A76920094B3C0 /* Images.xcassets */; };
		EA3A86D1181A76920094B3C0 /* XCTest.framework in Frameworks */ = {isa = PBXBuildFile; fileRef = EA3A86D0181A76920094B3C0 /* XCTest.framework */; };
		EA3A86D2181A76920094B3C0 /* Foundation.framework in Frameworks */ = {isa = PBXBuildFile; fileRef = EA3A86B1181A76920094B3C0 /* Foundation.framework */; };
		EA3A86D3181A76920094B3C0 /* UIKit.framework in Frameworks */ = {isa = PBXBuildFile; fileRef = EA3A86B5181A76920094B3C0 /* UIKit.framework */; };
		EA3A86DB181A76920094B3C0 /* InfoPlistTests.strings in Resources */ = {isa = PBXBuildFile; fileRef = EA3A86D9181A76920094B3C0 /* InfoPlistTests.strings */; };
		EA3A86DD181A76920094B3C0 /* AlarmTests.m in Sources */ = {isa = PBXBuildFile; fileRef = EA3A86DC181A76920094B3C0 /* AlarmTests.m */; };
		EA3B39F81E08409500610A29 /* libNendAd.a in Frameworks */ = {isa = PBXBuildFile; fileRef = EA3B39EB1E08409500610A29 /* libNendAd.a */; };
		EA3B39F91E08409500610A29 /* NADView_readme.txt in Resources */ = {isa = PBXBuildFile; fileRef = EA3B39F71E08409500610A29 /* NADView_readme.txt */; };
		EA4DC222184ADDCF002D8848 /* MediaPlayer.framework in Frameworks */ = {isa = PBXBuildFile; fileRef = EA4DC221184ADDCF002D8848 /* MediaPlayer.framework */; };
		EA4DC224184B66E7002D8848 /* bg_iphone4.jpg in Resources */ = {isa = PBXBuildFile; fileRef = EA4DC223184B66E7002D8848 /* bg_iphone4.jpg */; };
		EA5C538E1ABE2517001E061F /* NCMB.framework in Frameworks */ = {isa = PBXBuildFile; fileRef = EA5C538D1ABE2517001E061F /* NCMB.framework */; };
		EA672EA0193B051600F2FD60 /* bg_black_640_960.png in Resources */ = {isa = PBXBuildFile; fileRef = EA672E9F193B051600F2FD60 /* bg_black_640_960.png */; };
		EA672EA2193B052000F2FD60 /* bg_black_640_1136.png in Resources */ = {isa = PBXBuildFile; fileRef = EA672EA1193B052000F2FD60 /* bg_black_640_1136.png */; };
		EA672EC3193B0CF400F2FD60 /* batu01.png in Resources */ = {isa = PBXBuildFile; fileRef = EA672EB8193B0CF400F2FD60 /* batu01.png */; };
		EA672EC5193B0CF400F2FD60 /* onoff.png in Resources */ = {isa = PBXBuildFile; fileRef = EA672EBC193B0CF400F2FD60 /* onoff.png */; };
		EA672EC6193B0CF400F2FD60 /* ring_default_244_244.png in Resources */ = {isa = PBXBuildFile; fileRef = EA672EBE193B0CF400F2FD60 /* ring_default_244_244.png */; };
		EA672EC7193B0CF400F2FD60 /* yajirushi_640_100.png in Resources */ = {isa = PBXBuildFile; fileRef = EA672EC0193B0CF400F2FD60 /* yajirushi_640_100.png */; };
		EA672EC8193B0CF400F2FD60 /* yubi01.png in Resources */ = {isa = PBXBuildFile; fileRef = EA672EC2193B0CF400F2FD60 /* yubi01.png */; };
		EA85CD2418DBD17A00AC16D6 /* SettingsViewController.m in Sources */ = {isa = PBXBuildFile; fileRef = EA85CD2318DBD17A00AC16D6 /* SettingsViewController.m */; };
		EA85CD2918DBF77900AC16D6 /* check.png in Resources */ = {isa = PBXBuildFile; fileRef = EA85CD2618DBF77900AC16D6 /* check.png */; };
		EA85CD2A18DBF77900AC16D6 /* disable_check.png in Resources */ = {isa = PBXBuildFile; fileRef = EA85CD2718DBF77900AC16D6 /* disable_check.png */; };
		EA85CD2B18DBF77900AC16D6 /* nocheck.png in Resources */ = {isa = PBXBuildFile; fileRef = EA85CD2818DBF77900AC16D6 /* nocheck.png */; };
		EA992AF3185B2D6700E92A2C /* bg_iphone5.jpg in Resources */ = {isa = PBXBuildFile; fileRef = EA992AF2185B2D6700E92A2C /* bg_iphone5.jpg */; };
		EA992B01185B4A7900E92A2C /* font1_0.png in Resources */ = {isa = PBXBuildFile; fileRef = EA992AF6185B4A7900E92A2C /* font1_0.png */; };
		EA992B02185B4A7900E92A2C /* font1_1.png in Resources */ = {isa = PBXBuildFile; fileRef = EA992AF7185B4A7900E92A2C /* font1_1.png */; };
		EA992B03185B4A7900E92A2C /* font1_2.png in Resources */ = {isa = PBXBuildFile; fileRef = EA992AF8185B4A7900E92A2C /* font1_2.png */; };
		EA992B04185B4A7900E92A2C /* font1_3.png in Resources */ = {isa = PBXBuildFile; fileRef = EA992AF9185B4A7900E92A2C /* font1_3.png */; };
		EA992B05185B4A7900E92A2C /* font1_4.png in Resources */ = {isa = PBXBuildFile; fileRef = EA992AFA185B4A7900E92A2C /* font1_4.png */; };
		EA992B06185B4A7900E92A2C /* font1_5.png in Resources */ = {isa = PBXBuildFile; fileRef = EA992AFB185B4A7900E92A2C /* font1_5.png */; };
		EA992B07185B4A7900E92A2C /* font1_6.png in Resources */ = {isa = PBXBuildFile; fileRef = EA992AFC185B4A7900E92A2C /* font1_6.png */; };
		EA992B08185B4A7900E92A2C /* font1_7.png in Resources */ = {isa = PBXBuildFile; fileRef = EA992AFD185B4A7900E92A2C /* font1_7.png */; };
		EA992B09185B4A7900E92A2C /* font1_8.png in Resources */ = {isa = PBXBuildFile; fileRef = EA992AFE185B4A7900E92A2C /* font1_8.png */; };
		EA992B0A185B4A7900E92A2C /* font1_9.png in Resources */ = {isa = PBXBuildFile; fileRef = EA992AFF185B4A7900E92A2C /* font1_9.png */; };
		EA992B0B185B4A7900E92A2C /* font1_mark01.png in Resources */ = {isa = PBXBuildFile; fileRef = EA992B00185B4A7900E92A2C /* font1_mark01.png */; };
		EA992B19185B4A8E00E92A2C /* font2_0.png in Resources */ = {isa = PBXBuildFile; fileRef = EA992B0D185B4A8E00E92A2C /* font2_0.png */; };
		EA992B1A185B4A8E00E92A2C /* font2_1.png in Resources */ = {isa = PBXBuildFile; fileRef = EA992B0E185B4A8E00E92A2C /* font2_1.png */; };
		EA992B1B185B4A8E00E92A2C /* font2_2.png in Resources */ = {isa = PBXBuildFile; fileRef = EA992B0F185B4A8E00E92A2C /* font2_2.png */; };
		EA992B1C185B4A8E00E92A2C /* font2_3.png in Resources */ = {isa = PBXBuildFile; fileRef = EA992B10185B4A8E00E92A2C /* font2_3.png */; };
		EA992B1D185B4A8E00E92A2C /* font2_4.png in Resources */ = {isa = PBXBuildFile; fileRef = EA992B11185B4A8E00E92A2C /* font2_4.png */; };
		EA992B1E185B4A8E00E92A2C /* font2_5.png in Resources */ = {isa = PBXBuildFile; fileRef = EA992B12185B4A8E00E92A2C /* font2_5.png */; };
		EA992B1F185B4A8E00E92A2C /* font2_6.png in Resources */ = {isa = PBXBuildFile; fileRef = EA992B13185B4A8E00E92A2C /* font2_6.png */; };
		EA992B20185B4A8E00E92A2C /* font2_7.png in Resources */ = {isa = PBXBuildFile; fileRef = EA992B14185B4A8E00E92A2C /* font2_7.png */; };
		EA992B21185B4A8E00E92A2C /* font2_8.png in Resources */ = {isa = PBXBuildFile; fileRef = EA992B15185B4A8E00E92A2C /* font2_8.png */; };
		EA992B22185B4A8E00E92A2C /* font2_9.png in Resources */ = {isa = PBXBuildFile; fileRef = EA992B16185B4A8E00E92A2C /* font2_9.png */; };
		EA992B23185B4A8E00E92A2C /* font2_mark01.png in Resources */ = {isa = PBXBuildFile; fileRef = EA992B18185B4A8E00E92A2C /* font2_mark01.png */; };
		EA992B2F185B4A9B00E92A2C /* font3_0.png in Resources */ = {isa = PBXBuildFile; fileRef = EA992B25185B4A9B00E92A2C /* font3_0.png */; };
		EA992B30185B4A9B00E92A2C /* font3_1.png in Resources */ = {isa = PBXBuildFile; fileRef = EA992B26185B4A9B00E92A2C /* font3_1.png */; };
		EA992B31185B4A9B00E92A2C /* font3_2.png in Resources */ = {isa = PBXBuildFile; fileRef = EA992B27185B4A9B00E92A2C /* font3_2.png */; };
		EA992B32185B4A9B00E92A2C /* font3_3.png in Resources */ = {isa = PBXBuildFile; fileRef = EA992B28185B4A9B00E92A2C /* font3_3.png */; };
		EA992B33185B4A9B00E92A2C /* font3_4.png in Resources */ = {isa = PBXBuildFile; fileRef = EA992B29185B4A9B00E92A2C /* font3_4.png */; };
		EA992B34185B4A9B00E92A2C /* font3_5.png in Resources */ = {isa = PBXBuildFile; fileRef = EA992B2A185B4A9B00E92A2C /* font3_5.png */; };
		EA992B35185B4A9B00E92A2C /* font3_6.png in Resources */ = {isa = PBXBuildFile; fileRef = EA992B2B185B4A9B00E92A2C /* font3_6.png */; };
		EA992B36185B4A9B00E92A2C /* font3_7.png in Resources */ = {isa = PBXBuildFile; fileRef = EA992B2C185B4A9B00E92A2C /* font3_7.png */; };
		EA992B37185B4A9B00E92A2C /* font3_8.png in Resources */ = {isa = PBXBuildFile; fileRef = EA992B2D185B4A9B00E92A2C /* font3_8.png */; };
		EA992B38185B4A9B00E92A2C /* font3_9.png in Resources */ = {isa = PBXBuildFile; fileRef = EA992B2E185B4A9B00E92A2C /* font3_9.png */; };
		EA992B49185B66A600E92A2C /* alarm.png in Resources */ = {isa = PBXBuildFile; fileRef = EA992B48185B66A600E92A2C /* alarm.png */; };
		EA992B4C185B66B000E92A2C /* megane.png in Resources */ = {isa = PBXBuildFile; fileRef = EA992B4B185B66B000E92A2C /* megane.png */; };
		EA992B4F185B66B800E92A2C /* remain.png in Resources */ = {isa = PBXBuildFile; fileRef = EA992B4E185B66B800E92A2C /* remain.png */; };
		EA992B52185B66C100E92A2C /* shake.png in Resources */ = {isa = PBXBuildFile; fileRef = EA992B51185B66C100E92A2C /* shake.png */; };
		EA992B55185B69F200E92A2C /* font1_mark02.png in Resources */ = {isa = PBXBuildFile; fileRef = EA992B54185B69F200E92A2C /* font1_mark02.png */; };
		EA9D8CBB181B9F5900F481DF /* AVFoundation.framework in Frameworks */ = {isa = PBXBuildFile; fileRef = EA9D8CBA181B9F5900F481DF /* AVFoundation.framework */; };
		EAA333A518312C4B00A77258 /* CoreMotion.framework in Frameworks */ = {isa = PBXBuildFile; fileRef = EAA333A418312C4B00A77258 /* CoreMotion.framework */; };
		EAB90147189943A800AF7F33 /* MainStoryboard_iPhone.storyboard in Resources */ = {isa = PBXBuildFile; fileRef = EAB90143189941CB00AF7F33 /* MainStoryboard_iPhone.storyboard */; };
		EACD3B2318B9B6600068E8D0 /* Accounts.framework in Frameworks */ = {isa = PBXBuildFile; fileRef = EACD3B2218B9B6600068E8D0 /* Accounts.framework */; };
		EACD3B2518B9B6690068E8D0 /* Social.framework in Frameworks */ = {isa = PBXBuildFile; fileRef = EACD3B2418B9B6680068E8D0 /* Social.framework */; };
		EAE7490418E7982C00E54F0C /* setbg_iphone4.png in Resources */ = {isa = PBXBuildFile; fileRef = EAE748F418E7982C00E54F0C /* setbg_iphone4.png */; };
		EAE7490518E7982C00E54F0C /* setbg_iphone5.png in Resources */ = {isa = PBXBuildFile; fileRef = EAE748F618E7982C00E54F0C /* setbg_iphone5.png */; };
		EAE7490618E7982C00E54F0C /* checkbox01.png in Resources */ = {isa = PBXBuildFile; fileRef = EAE748F818E7982C00E54F0C /* checkbox01.png */; };
		EAE7490718E7982C00E54F0C /* checkbox02.png in Resources */ = {isa = PBXBuildFile; fileRef = EAE748F918E7982C00E54F0C /* checkbox02.png */; };
		EAE7490818E7982C00E54F0C /* checkbox03.png in Resources */ = {isa = PBXBuildFile; fileRef = EAE748FA18E7982C00E54F0C /* checkbox03.png */; };
		EAE7490918E7982C00E54F0C /* checkbox04.png in Resources */ = {isa = PBXBuildFile; fileRef = EAE748FB18E7982C00E54F0C /* checkbox04.png */; };
		EAE7490A18E7982C00E54F0C /* info.png in Resources */ = {isa = PBXBuildFile; fileRef = EAE748FD18E7982C00E54F0C /* info.png */; };
		EAE7490B18E7982C00E54F0C /* logout.png in Resources */ = {isa = PBXBuildFile; fileRef = EAE748FF18E7982C00E54F0C /* logout.png */; };
		EAE7490C18E7982C00E54F0C /* moon.png in Resources */ = {isa = PBXBuildFile; fileRef = EAE7490118E7982C00E54F0C /* moon.png */; };
		EAE7490D18E7982C00E54F0C /* settings.png in Resources */ = {isa = PBXBuildFile; fileRef = EAE7490318E7982C00E54F0C /* settings.png */; };
		EAE770DF19C4C2B8002D9053 /* MainStoryboard_Old_iPhone.storyboard in Resources */ = {isa = PBXBuildFile; fileRef = EAE770DE19C4C2B8002D9053 /* MainStoryboard_Old_iPhone.storyboard */; };
		EAF0887518E0A9A6008B75A2 /* splash0314_ip4.mp4 in Resources */ = {isa = PBXBuildFile; fileRef = EAF0887318E0A9A6008B75A2 /* splash0314_ip4.mp4 */; };
		EAF0887618E0A9A6008B75A2 /* splash0314_ip5.mp4 in Resources */ = {isa = PBXBuildFile; fileRef = EAF0887418E0A9A6008B75A2 /* splash0314_ip5.mp4 */; };
		EAF2AAF218C1A15F00E82AF2 /* MobileCoreServices.framework in Frameworks */ = {isa = PBXBuildFile; fileRef = EAF2AAF118C1A15F00E82AF2 /* MobileCoreServices.framework */; };
		EAF2AAF418C1A17100E82AF2 /* AudioToolbox.framework in Frameworks */ = {isa = PBXBuildFile; fileRef = EAF2AAF318C1A17100E82AF2 /* AudioToolbox.framework */; };
		EAF54E5D19BED15B006966B8 /* libGoogleAnalyticsServices.a in Frameworks */ = {isa = PBXBuildFile; fileRef = EAF54E5C19BED15B006966B8 /* libGoogleAnalyticsServices.a */; };
		EAF54E6319BED176006966B8 /* CHANGELOG.md in Resources */ = {isa = PBXBuildFile; fileRef = EAF54E5F19BED176006966B8 /* CHANGELOG.md */; };
		EAF54E6419BED176006966B8 /* JSONKit.m in Sources */ = {isa = PBXBuildFile; fileRef = EAF54E6119BED176006966B8 /* JSONKit.m */; settings = {COMPILER_FLAGS = "-fno-objc-arc"; }; };
		EAF54E6519BED176006966B8 /* README_JSON.md in Resources */ = {isa = PBXBuildFile; fileRef = EAF54E6219BED176006966B8 /* README_JSON.md */; };
		EAF54E6919BED193006966B8 /* CheckboxButton.m in Sources */ = {isa = PBXBuildFile; fileRef = EAF54E6819BED193006966B8 /* CheckboxButton.m */; };
		EAF83FE118AA476E0042657F /* CoreData.framework in Frameworks */ = {isa = PBXBuildFile; fileRef = EAF83FE018AA476E0042657F /* CoreData.framework */; };
		EAF83FE318AA477F0042657F /* SystemConfiguration.framework in Frameworks */ = {isa = PBXBuildFile; fileRef = EAF83FE218AA477F0042657F /* SystemConfiguration.framework */; };
		EAF83FE518AA47910042657F /* libz.dylib in Frameworks */ = {isa = PBXBuildFile; fileRef = EAF83FE418AA47910042657F /* libz.dylib */; };
		EAFA496F188C005C00A9BF39 /* AdSupport.framework in Frameworks */ = {isa = PBXBuildFile; fileRef = EAFA496E188C005C00A9BF39 /* AdSupport.framework */; settings = {ATTRIBUTES = (Weak, ); }; };
		EAFA4971188C006A00A9BF39 /* Security.framework in Frameworks */ = {isa = PBXBuildFile; fileRef = EAFA4970188C006A00A9BF39 /* Security.framework */; };
/* End PBXBuildFile section */

/* Begin PBXContainerItemProxy section */
		EA3A86D4181A76920094B3C0 /* PBXContainerItemProxy */ = {
			isa = PBXContainerItemProxy;
			containerPortal = EA3A86A6181A76920094B3C0 /* Project object */;
			proxyType = 1;
			remoteGlobalIDString = EA3A86AD181A76920094B3C0;
			remoteInfo = Alarm;
		};
/* End PBXContainerItemProxy section */

/* Begin PBXFileReference section */
		EA148E3018D46D2A009BA7B2 /* LICENSE */ = {isa = PBXFileReference; fileEncoding = 4; lastKnownFileType = text; path = LICENSE; sourceTree = "<group>"; };
		EA148E3118D46D2A009BA7B2 /* README2.md */ = {isa = PBXFileReference; fileEncoding = 4; lastKnownFileType = text; path = README2.md; sourceTree = "<group>"; };
		EA148E3218D46D2A009BA7B2 /* RIButtonItem.h */ = {isa = PBXFileReference; fileEncoding = 4; lastKnownFileType = sourcecode.c.h; path = RIButtonItem.h; sourceTree = "<group>"; };
		EA148E3318D46D2A009BA7B2 /* RIButtonItem.m */ = {isa = PBXFileReference; fileEncoding = 4; lastKnownFileType = sourcecode.c.objc; path = RIButtonItem.m; sourceTree = "<group>"; };
		EA148E3418D46D2A009BA7B2 /* UIActionSheet+Blocks.h */ = {isa = PBXFileReference; fileEncoding = 4; lastKnownFileType = sourcecode.c.h; path = "UIActionSheet+Blocks.h"; sourceTree = "<group>"; };
		EA148E3518D46D2A009BA7B2 /* UIActionSheet+Blocks.m */ = {isa = PBXFileReference; fileEncoding = 4; lastKnownFileType = sourcecode.c.objc; path = "UIActionSheet+Blocks.m"; sourceTree = "<group>"; };
		EA148E3618D46D2A009BA7B2 /* UIAlertView+Blocks.h */ = {isa = PBXFileReference; fileEncoding = 4; lastKnownFileType = sourcecode.c.h; path = "UIAlertView+Blocks.h"; sourceTree = "<group>"; };
		EA148E3718D46D2A009BA7B2 /* UIAlertView+Blocks.m */ = {isa = PBXFileReference; fileEncoding = 4; lastKnownFileType = sourcecode.c.objc; path = "UIAlertView+Blocks.m"; sourceTree = "<group>"; };
		EA148E3818D46D2A009BA7B2 /* UIAlertView-Blocks.podspec */ = {isa = PBXFileReference; fileEncoding = 4; lastKnownFileType = text; path = "UIAlertView-Blocks.podspec"; sourceTree = "<group>"; };
		EA1CF945187C2A5900E35999 /* ja */ = {isa = PBXFileReference; lastKnownFileType = text.plist.strings; name = ja; path = ja.lproj/InfoPlist.strings; sourceTree = "<group>"; };
		EA1CF949187C359300E35999 /* en */ = {isa = PBXFileReference; lastKnownFileType = text.plist.strings; name = en; path = en.lproj/Localizable.strings; sourceTree = "<group>"; };
		EA1CF94B187C359C00E35999 /* ja */ = {isa = PBXFileReference; lastKnownFileType = text.plist.strings; name = ja; path = ja.lproj/Localizable.strings; sourceTree = "<group>"; };
		EA2ADA6418F17A3C009C33C7 /* BABY.aif */ = {isa = PBXFileReference; lastKnownFileType = file; path = BABY.aif; sourceTree = "<group>"; };
		EA2ADA6518F17A3C009C33C7 /* BABY_Notif.aif */ = {isa = PBXFileReference; lastKnownFileType = file; path = BABY_Notif.aif; sourceTree = "<group>"; };
		EA2ADA6618F17A3C009C33C7 /* BELL.aif */ = {isa = PBXFileReference; lastKnownFileType = file; path = BELL.aif; sourceTree = "<group>"; };
		EA2ADA6718F17A3C009C33C7 /* BELL_Notif.aif */ = {isa = PBXFileReference; lastKnownFileType = file; path = BELL_Notif.aif; sourceTree = "<group>"; };
		EA2ADA6818F17A3C009C33C7 /* DISCO MODE.aif */ = {isa = PBXFileReference; lastKnownFileType = file; path = "DISCO MODE.aif"; sourceTree = "<group>"; };
		EA2ADA6918F17A3C009C33C7 /* DISCO MODE_Notif.aif */ = {isa = PBXFileReference; lastKnownFileType = file; path = "DISCO MODE_Notif.aif"; sourceTree = "<group>"; };
		EA2ADA6A18F17A3C009C33C7 /* DOG.aif */ = {isa = PBXFileReference; lastKnownFileType = file; path = DOG.aif; sourceTree = "<group>"; };
		EA2ADA6B18F17A3C009C33C7 /* DOG_Notif.aif */ = {isa = PBXFileReference; lastKnownFileType = file; path = DOG_Notif.aif; sourceTree = "<group>"; };
		EA2ADA6C18F17A3C009C33C7 /* HARD MODE.aif */ = {isa = PBXFileReference; lastKnownFileType = file; path = "HARD MODE.aif"; sourceTree = "<group>"; };
		EA2ADA6D18F17A3C009C33C7 /* HARD MODE_Notif.aif */ = {isa = PBXFileReference; lastKnownFileType = file; path = "HARD MODE_Notif.aif"; sourceTree = "<group>"; };
		EA32C38319D1173B009BD9EC /* ImageIO.framework */ = {isa = PBXFileReference; lastKnownFileType = wrapper.framework; name = ImageIO.framework; path = System/Library/Frameworks/ImageIO.framework; sourceTree = SDKROOT; };
		EA3A86AE181A76920094B3C0 /* Deraoki.app */ = {isa = PBXFileReference; explicitFileType = wrapper.application; includeInIndex = 0; path = Deraoki.app; sourceTree = BUILT_PRODUCTS_DIR; };
		EA3A86B1181A76920094B3C0 /* Foundation.framework */ = {isa = PBXFileReference; lastKnownFileType = wrapper.framework; name = Foundation.framework; path = System/Library/Frameworks/Foundation.framework; sourceTree = SDKROOT; };
		EA3A86B3181A76920094B3C0 /* CoreGraphics.framework */ = {isa = PBXFileReference; lastKnownFileType = wrapper.framework; name = CoreGraphics.framework; path = System/Library/Frameworks/CoreGraphics.framework; sourceTree = SDKROOT; };
		EA3A86B5181A76920094B3C0 /* UIKit.framework */ = {isa = PBXFileReference; lastKnownFileType = wrapper.framework; name = UIKit.framework; path = System/Library/Frameworks/UIKit.framework; sourceTree = SDKROOT; };
		EA3A86B9181A76920094B3C0 /* Alarm-Info.plist */ = {isa = PBXFileReference; lastKnownFileType = text.plist.xml; path = "Alarm-Info.plist"; sourceTree = "<group>"; };
		EA3A86BB181A76920094B3C0 /* en */ = {isa = PBXFileReference; lastKnownFileType = text.plist.strings; name = en; path = en.lproj/InfoPlist.strings; sourceTree = "<group>"; };
		EA3A86BD181A76920094B3C0 /* main.m */ = {isa = PBXFileReference; lastKnownFileType = sourcecode.c.objc; name = main.m; path = "Source Files/main.m"; sourceTree = "<group>"; };
		EA3A86C1181A76920094B3C0 /* AlarmAppDelegate.m */ = {isa = PBXFileReference; lastKnownFileType = sourcecode.c.objc; name = AlarmAppDelegate.m; path = "Source Files/AlarmAppDelegate.m"; sourceTree = "<group>"; };
		EA3A86C6181A76920094B3C0 /* AlarmViewController.h */ = {isa = PBXFileReference; lastKnownFileType = sourcecode.c.h; name = AlarmViewController.h; path = "Source Files/AlarmViewController.h"; sourceTree = "<group>"; };
		EA3A86C7181A76920094B3C0 /* AlarmViewController.m */ = {isa = PBXFileReference; lastKnownFileType = sourcecode.c.objc; name = AlarmViewController.m; path = "Source Files/AlarmViewController.m"; sourceTree = "<group>"; };
		EA3A86C9181A76920094B3C0 /* Images.xcassets */ = {isa = PBXFileReference; lastKnownFileType = folder.assetcatalog; path = Images.xcassets; sourceTree = "<group>"; };
		EA3A86CF181A76920094B3C0 /* AlarmTests.xctest */ = {isa = PBXFileReference; explicitFileType = wrapper.cfbundle; includeInIndex = 0; path = AlarmTests.xctest; sourceTree = BUILT_PRODUCTS_DIR; };
		EA3A86D0181A76920094B3C0 /* XCTest.framework */ = {isa = PBXFileReference; lastKnownFileType = wrapper.framework; name = XCTest.framework; path = Library/Frameworks/XCTest.framework; sourceTree = DEVELOPER_DIR; };
		EA3A86D8181A76920094B3C0 /* AlarmTests-Info.plist */ = {isa = PBXFileReference; lastKnownFileType = text.plist.xml; path = "AlarmTests-Info.plist"; sourceTree = "<group>"; };
		EA3A86DA181A76920094B3C0 /* en */ = {isa = PBXFileReference; lastKnownFileType = text.plist.strings; name = en; path = en.lproj/InfoPlistTests.strings; sourceTree = "<group>"; };
		EA3A86DC181A76920094B3C0 /* AlarmTests.m */ = {isa = PBXFileReference; lastKnownFileType = sourcecode.c.objc; path = AlarmTests.m; sourceTree = "<group>"; };
		EA3B39EB1E08409500610A29 /* libNendAd.a */ = {isa = PBXFileReference; lastKnownFileType = archive.ar; path = libNendAd.a; sourceTree = "<group>"; };
		EA3B39EC1E08409500610A29 /* NADInterstitial.h */ = {isa = PBXFileReference; fileEncoding = 4; lastKnownFileType = sourcecode.c.h; path = NADInterstitial.h; sourceTree = "<group>"; };
		EA3B39ED1E08409500610A29 /* NADNative.h */ = {isa = PBXFileReference; fileEncoding = 4; lastKnownFileType = sourcecode.c.h; path = NADNative.h; sourceTree = "<group>"; };
		EA3B39EE1E08409500610A29 /* NADNativeClient.h */ = {isa = PBXFileReference; fileEncoding = 4; lastKnownFileType = sourcecode.c.h; path = NADNativeClient.h; sourceTree = "<group>"; };
		EA3B39EF1E08409500610A29 /* NADNativeError.h */ = {isa = PBXFileReference; fileEncoding = 4; lastKnownFileType = sourcecode.c.h; path = NADNativeError.h; sourceTree = "<group>"; };
		EA3B39F01E08409500610A29 /* NADNativeImageView.h */ = {isa = PBXFileReference; fileEncoding = 4; lastKnownFileType = sourcecode.c.h; path = NADNativeImageView.h; sourceTree = "<group>"; };
		EA3B39F11E08409500610A29 /* NADNativeLabel.h */ = {isa = PBXFileReference; fileEncoding = 4; lastKnownFileType = sourcecode.c.h; path = NADNativeLabel.h; sourceTree = "<group>"; };
		EA3B39F21E08409500610A29 /* NADNativeLogger.h */ = {isa = PBXFileReference; fileEncoding = 4; lastKnownFileType = sourcecode.c.h; path = NADNativeLogger.h; sourceTree = "<group>"; };
		EA3B39F31E08409500610A29 /* NADNativeTableViewHelper.h */ = {isa = PBXFileReference; fileEncoding = 4; lastKnownFileType = sourcecode.c.h; path = NADNativeTableViewHelper.h; sourceTree = "<group>"; };
		EA3B39F41E08409500610A29 /* NADNativeTableViewPlacement.h */ = {isa = PBXFileReference; fileEncoding = 4; lastKnownFileType = sourcecode.c.h; path = NADNativeTableViewPlacement.h; sourceTree = "<group>"; };
		EA3B39F51E08409500610A29 /* NADNativeViewRendering.h */ = {isa = PBXFileReference; fileEncoding = 4; lastKnownFileType = sourcecode.c.h; path = NADNativeViewRendering.h; sourceTree = "<group>"; };
		EA3B39F61E08409500610A29 /* NADView.h */ = {isa = PBXFileReference; fileEncoding = 4; lastKnownFileType = sourcecode.c.h; path = NADView.h; sourceTree = "<group>"; };
		EA3B39F71E08409500610A29 /* NADView_readme.txt */ = {isa = PBXFileReference; fileEncoding = 4; lastKnownFileType = text; path = NADView_readme.txt; sourceTree = "<group>"; };
		EA4DC221184ADDCF002D8848 /* MediaPlayer.framework */ = {isa = PBXFileReference; lastKnownFileType = wrapper.framework; name = MediaPlayer.framework; path = System/Library/Frameworks/MediaPlayer.framework; sourceTree = SDKROOT; };
		EA4DC223184B66E7002D8848 /* bg_iphone4.jpg */ = {isa = PBXFileReference; lastKnownFileType = image.jpeg; path = bg_iphone4.jpg; sourceTree = "<group>"; };
		EA5C538D1ABE2517001E061F /* NCMB.framework */ = {isa = PBXFileReference; lastKnownFileType = wrapper.framework; name = NCMB.framework; path = ../../SDK/NCMB.framework; sourceTree = "<group>"; };
		EA672E8D1939DF7F00F2FD60 /* MessageUI.framework */ = {isa = PBXFileReference; lastKnownFileType = wrapper.framework; name = MessageUI.framework; path = System/Library/Frameworks/MessageUI.framework; sourceTree = SDKROOT; };
		EA672E971939E78700F2FD60 /* CoreTelephony.framework */ = {isa = PBXFileReference; lastKnownFileType = wrapper.framework; name = CoreTelephony.framework; path = System/Library/Frameworks/CoreTelephony.framework; sourceTree = SDKROOT; };
		EA672E9F193B051600F2FD60 /* bg_black_640_960.png */ = {isa = PBXFileReference; lastKnownFileType = image.png; path = bg_black_640_960.png; sourceTree = "<group>"; };
		EA672EA1193B052000F2FD60 /* bg_black_640_1136.png */ = {isa = PBXFileReference; lastKnownFileType = image.png; path = bg_black_640_1136.png; sourceTree = "<group>"; };
		EA672EB8193B0CF400F2FD60 /* batu01.png */ = {isa = PBXFileReference; lastKnownFileType = image.png; path = batu01.png; sourceTree = "<group>"; };
		EA672EBA193B0CF400F2FD60 /* gotomenu.png */ = {isa = PBXFileReference; lastKnownFileType = image.png; path = gotomenu.png; sourceTree = "<group>"; };
		EA672EBC193B0CF400F2FD60 /* onoff.png */ = {isa = PBXFileReference; lastKnownFileType = image.png; path = onoff.png; sourceTree = "<group>"; };
		EA672EBE193B0CF400F2FD60 /* ring_default_244_244.png */ = {isa = PBXFileReference; lastKnownFileType = image.png; path = ring_default_244_244.png; sourceTree = "<group>"; };
		EA672EC0193B0CF400F2FD60 /* yajirushi_640_100.png */ = {isa = PBXFileReference; lastKnownFileType = image.png; path = yajirushi_640_100.png; sourceTree = "<group>"; };
		EA672EC2193B0CF400F2FD60 /* yubi01.png */ = {isa = PBXFileReference; lastKnownFileType = image.png; path = yubi01.png; sourceTree = "<group>"; };
		EA85CD2218DBD15800AC16D6 /* SettingsViewController.h */ = {isa = PBXFileReference; fileEncoding = 4; lastKnownFileType = sourcecode.c.h; name = SettingsViewController.h; path = "Source Files/SettingsViewController.h"; sourceTree = "<group>"; };
		EA85CD2318DBD17A00AC16D6 /* SettingsViewController.m */ = {isa = PBXFileReference; fileEncoding = 4; lastKnownFileType = sourcecode.c.objc; name = SettingsViewController.m; path = "Source Files/SettingsViewController.m"; sourceTree = "<group>"; };
		EA85CD2618DBF77900AC16D6 /* check.png */ = {isa = PBXFileReference; lastKnownFileType = image.png; path = check.png; sourceTree = "<group>"; };
		EA85CD2718DBF77900AC16D6 /* disable_check.png */ = {isa = PBXFileReference; lastKnownFileType = image.png; path = disable_check.png; sourceTree = "<group>"; };
		EA85CD2818DBF77900AC16D6 /* nocheck.png */ = {isa = PBXFileReference; lastKnownFileType = image.png; path = nocheck.png; sourceTree = "<group>"; };
		EA992AF2185B2D6700E92A2C /* bg_iphone5.jpg */ = {isa = PBXFileReference; lastKnownFileType = image.jpeg; path = bg_iphone5.jpg; sourceTree = "<group>"; };
		EA992AF6185B4A7900E92A2C /* font1_0.png */ = {isa = PBXFileReference; lastKnownFileType = image.png; path = font1_0.png; sourceTree = "<group>"; };
		EA992AF7185B4A7900E92A2C /* font1_1.png */ = {isa = PBXFileReference; lastKnownFileType = image.png; path = font1_1.png; sourceTree = "<group>"; };
		EA992AF8185B4A7900E92A2C /* font1_2.png */ = {isa = PBXFileReference; lastKnownFileType = image.png; path = font1_2.png; sourceTree = "<group>"; };
		EA992AF9185B4A7900E92A2C /* font1_3.png */ = {isa = PBXFileReference; lastKnownFileType = image.png; path = font1_3.png; sourceTree = "<group>"; };
		EA992AFA185B4A7900E92A2C /* font1_4.png */ = {isa = PBXFileReference; lastKnownFileType = image.png; path = font1_4.png; sourceTree = "<group>"; };
		EA992AFB185B4A7900E92A2C /* font1_5.png */ = {isa = PBXFileReference; lastKnownFileType = image.png; path = font1_5.png; sourceTree = "<group>"; };
		EA992AFC185B4A7900E92A2C /* font1_6.png */ = {isa = PBXFileReference; lastKnownFileType = image.png; path = font1_6.png; sourceTree = "<group>"; };
		EA992AFD185B4A7900E92A2C /* font1_7.png */ = {isa = PBXFileReference; lastKnownFileType = image.png; path = font1_7.png; sourceTree = "<group>"; };
		EA992AFE185B4A7900E92A2C /* font1_8.png */ = {isa = PBXFileReference; lastKnownFileType = image.png; path = font1_8.png; sourceTree = "<group>"; };
		EA992AFF185B4A7900E92A2C /* font1_9.png */ = {isa = PBXFileReference; lastKnownFileType = image.png; path = font1_9.png; sourceTree = "<group>"; };
		EA992B00185B4A7900E92A2C /* font1_mark01.png */ = {isa = PBXFileReference; lastKnownFileType = image.png; path = font1_mark01.png; sourceTree = "<group>"; };
		EA992B0D185B4A8E00E92A2C /* font2_0.png */ = {isa = PBXFileReference; lastKnownFileType = image.png; path = font2_0.png; sourceTree = "<group>"; };
		EA992B0E185B4A8E00E92A2C /* font2_1.png */ = {isa = PBXFileReference; lastKnownFileType = image.png; path = font2_1.png; sourceTree = "<group>"; };
		EA992B0F185B4A8E00E92A2C /* font2_2.png */ = {isa = PBXFileReference; lastKnownFileType = image.png; path = font2_2.png; sourceTree = "<group>"; };
		EA992B10185B4A8E00E92A2C /* font2_3.png */ = {isa = PBXFileReference; lastKnownFileType = image.png; path = font2_3.png; sourceTree = "<group>"; };
		EA992B11185B4A8E00E92A2C /* font2_4.png */ = {isa = PBXFileReference; lastKnownFileType = image.png; path = font2_4.png; sourceTree = "<group>"; };
		EA992B12185B4A8E00E92A2C /* font2_5.png */ = {isa = PBXFileReference; lastKnownFileType = image.png; path = font2_5.png; sourceTree = "<group>"; };
		EA992B13185B4A8E00E92A2C /* font2_6.png */ = {isa = PBXFileReference; lastKnownFileType = image.png; path = font2_6.png; sourceTree = "<group>"; };
		EA992B14185B4A8E00E92A2C /* font2_7.png */ = {isa = PBXFileReference; lastKnownFileType = image.png; path = font2_7.png; sourceTree = "<group>"; };
		EA992B15185B4A8E00E92A2C /* font2_8.png */ = {isa = PBXFileReference; lastKnownFileType = image.png; path = font2_8.png; sourceTree = "<group>"; };
		EA992B16185B4A8E00E92A2C /* font2_9.png */ = {isa = PBXFileReference; lastKnownFileType = image.png; path = font2_9.png; sourceTree = "<group>"; };
		EA992B18185B4A8E00E92A2C /* font2_mark01.png */ = {isa = PBXFileReference; lastKnownFileType = image.png; path = font2_mark01.png; sourceTree = "<group>"; };
		EA992B25185B4A9B00E92A2C /* font3_0.png */ = {isa = PBXFileReference; lastKnownFileType = image.png; path = font3_0.png; sourceTree = "<group>"; };
		EA992B26185B4A9B00E92A2C /* font3_1.png */ = {isa = PBXFileReference; lastKnownFileType = image.png; path = font3_1.png; sourceTree = "<group>"; };
		EA992B27185B4A9B00E92A2C /* font3_2.png */ = {isa = PBXFileReference; lastKnownFileType = image.png; path = font3_2.png; sourceTree = "<group>"; };
		EA992B28185B4A9B00E92A2C /* font3_3.png */ = {isa = PBXFileReference; lastKnownFileType = image.png; path = font3_3.png; sourceTree = "<group>"; };
		EA992B29185B4A9B00E92A2C /* font3_4.png */ = {isa = PBXFileReference; lastKnownFileType = image.png; path = font3_4.png; sourceTree = "<group>"; };
		EA992B2A185B4A9B00E92A2C /* font3_5.png */ = {isa = PBXFileReference; lastKnownFileType = image.png; path = font3_5.png; sourceTree = "<group>"; };
		EA992B2B185B4A9B00E92A2C /* font3_6.png */ = {isa = PBXFileReference; lastKnownFileType = image.png; path = font3_6.png; sourceTree = "<group>"; };
		EA992B2C185B4A9B00E92A2C /* font3_7.png */ = {isa = PBXFileReference; lastKnownFileType = image.png; path = font3_7.png; sourceTree = "<group>"; };
		EA992B2D185B4A9B00E92A2C /* font3_8.png */ = {isa = PBXFileReference; lastKnownFileType = image.png; path = font3_8.png; sourceTree = "<group>"; };
		EA992B2E185B4A9B00E92A2C /* font3_9.png */ = {isa = PBXFileReference; lastKnownFileType = image.png; path = font3_9.png; sourceTree = "<group>"; };
		EA992B48185B66A600E92A2C /* alarm.png */ = {isa = PBXFileReference; lastKnownFileType = image.png; path = alarm.png; sourceTree = "<group>"; };
		EA992B4B185B66B000E92A2C /* megane.png */ = {isa = PBXFileReference; lastKnownFileType = image.png; path = megane.png; sourceTree = "<group>"; };
		EA992B4E185B66B800E92A2C /* remain.png */ = {isa = PBXFileReference; lastKnownFileType = image.png; path = remain.png; sourceTree = "<group>"; };
		EA992B51185B66C100E92A2C /* shake.png */ = {isa = PBXFileReference; lastKnownFileType = image.png; path = shake.png; sourceTree = "<group>"; };
		EA992B54185B69F200E92A2C /* font1_mark02.png */ = {isa = PBXFileReference; lastKnownFileType = image.png; path = font1_mark02.png; sourceTree = "<group>"; };
		EA9D8CBA181B9F5900F481DF /* AVFoundation.framework */ = {isa = PBXFileReference; lastKnownFileType = wrapper.framework; name = AVFoundation.framework; path = System/Library/Frameworks/AVFoundation.framework; sourceTree = SDKROOT; };
		EAA333A418312C4B00A77258 /* CoreMotion.framework */ = {isa = PBXFileReference; lastKnownFileType = wrapper.framework; name = CoreMotion.framework; path = System/Library/Frameworks/CoreMotion.framework; sourceTree = SDKROOT; };
		EAB90143189941CB00AF7F33 /* MainStoryboard_iPhone.storyboard */ = {isa = PBXFileReference; fileEncoding = 4; lastKnownFileType = file.storyboard; name = MainStoryboard_iPhone.storyboard; path = Base.lproj/MainStoryboard_iPhone.storyboard; sourceTree = "<group>"; };
		EAB9014918994ACB00AF7F33 /* AlarmAppDelegate.h */ = {isa = PBXFileReference; fileEncoding = 4; lastKnownFileType = sourcecode.c.h; name = AlarmAppDelegate.h; path = "Source Files/AlarmAppDelegate.h"; sourceTree = "<group>"; };
		EACD3B2218B9B6600068E8D0 /* Accounts.framework */ = {isa = PBXFileReference; lastKnownFileType = wrapper.framework; name = Accounts.framework; path = System/Library/Frameworks/Accounts.framework; sourceTree = SDKROOT; };
		EACD3B2418B9B6680068E8D0 /* Social.framework */ = {isa = PBXFileReference; lastKnownFileType = wrapper.framework; name = Social.framework; path = System/Library/Frameworks/Social.framework; sourceTree = SDKROOT; };
		EAE748F418E7982C00E54F0C /* setbg_iphone4.png */ = {isa = PBXFileReference; lastKnownFileType = image.png; path = setbg_iphone4.png; sourceTree = "<group>"; };
		EAE748F618E7982C00E54F0C /* setbg_iphone5.png */ = {isa = PBXFileReference; lastKnownFileType = image.png; path = setbg_iphone5.png; sourceTree = "<group>"; };
		EAE748F818E7982C00E54F0C /* checkbox01.png */ = {isa = PBXFileReference; lastKnownFileType = image.png; path = checkbox01.png; sourceTree = "<group>"; };
		EAE748F918E7982C00E54F0C /* checkbox02.png */ = {isa = PBXFileReference; lastKnownFileType = image.png; path = checkbox02.png; sourceTree = "<group>"; };
		EAE748FA18E7982C00E54F0C /* checkbox03.png */ = {isa = PBXFileReference; lastKnownFileType = image.png; path = checkbox03.png; sourceTree = "<group>"; };
		EAE748FB18E7982C00E54F0C /* checkbox04.png */ = {isa = PBXFileReference; lastKnownFileType = image.png; path = checkbox04.png; sourceTree = "<group>"; };
		EAE748FD18E7982C00E54F0C /* info.png */ = {isa = PBXFileReference; lastKnownFileType = image.png; path = info.png; sourceTree = "<group>"; };
		EAE748FF18E7982C00E54F0C /* logout.png */ = {isa = PBXFileReference; lastKnownFileType = image.png; path = logout.png; sourceTree = "<group>"; };
		EAE7490118E7982C00E54F0C /* moon.png */ = {isa = PBXFileReference; lastKnownFileType = image.png; path = moon.png; sourceTree = "<group>"; };
		EAE7490318E7982C00E54F0C /* settings.png */ = {isa = PBXFileReference; lastKnownFileType = image.png; path = settings.png; sourceTree = "<group>"; };
		EAE770DE19C4C2B8002D9053 /* MainStoryboard_Old_iPhone.storyboard */ = {isa = PBXFileReference; fileEncoding = 4; lastKnownFileType = file.storyboard; name = MainStoryboard_Old_iPhone.storyboard; path = Base.lproj/MainStoryboard_Old_iPhone.storyboard; sourceTree = "<group>"; };
		EAF0887318E0A9A6008B75A2 /* splash0314_ip4.mp4 */ = {isa = PBXFileReference; lastKnownFileType = file; path = splash0314_ip4.mp4; sourceTree = "<group>"; };
		EAF0887418E0A9A6008B75A2 /* splash0314_ip5.mp4 */ = {isa = PBXFileReference; lastKnownFileType = file; path = splash0314_ip5.mp4; sourceTree = "<group>"; };
		EAF2AAF118C1A15F00E82AF2 /* MobileCoreServices.framework */ = {isa = PBXFileReference; lastKnownFileType = wrapper.framework; name = MobileCoreServices.framework; path = System/Library/Frameworks/MobileCoreServices.framework; sourceTree = SDKROOT; };
		EAF2AAF318C1A17100E82AF2 /* AudioToolbox.framework */ = {isa = PBXFileReference; lastKnownFileType = wrapper.framework; name = AudioToolbox.framework; path = System/Library/Frameworks/AudioToolbox.framework; sourceTree = SDKROOT; };
		EAF54E5619BED15B006966B8 /* GAI.h */ = {isa = PBXFileReference; fileEncoding = 4; lastKnownFileType = sourcecode.c.h; path = GAI.h; sourceTree = "<group>"; };
		EAF54E5719BED15B006966B8 /* GAIDictionaryBuilder.h */ = {isa = PBXFileReference; fileEncoding = 4; lastKnownFileType = sourcecode.c.h; path = GAIDictionaryBuilder.h; sourceTree = "<group>"; };
		EAF54E5819BED15B006966B8 /* GAIFields.h */ = {isa = PBXFileReference; fileEncoding = 4; lastKnownFileType = sourcecode.c.h; path = GAIFields.h; sourceTree = "<group>"; };
		EAF54E5919BED15B006966B8 /* GAILogger.h */ = {isa = PBXFileReference; fileEncoding = 4; lastKnownFileType = sourcecode.c.h; path = GAILogger.h; sourceTree = "<group>"; };
		EAF54E5A19BED15B006966B8 /* GAITrackedViewController.h */ = {isa = PBXFileReference; fileEncoding = 4; lastKnownFileType = sourcecode.c.h; path = GAITrackedViewController.h; sourceTree = "<group>"; };
		EAF54E5B19BED15B006966B8 /* GAITracker.h */ = {isa = PBXFileReference; fileEncoding = 4; lastKnownFileType = sourcecode.c.h; path = GAITracker.h; sourceTree = "<group>"; };
		EAF54E5C19BED15B006966B8 /* libGoogleAnalyticsServices.a */ = {isa = PBXFileReference; lastKnownFileType = archive.ar; path = libGoogleAnalyticsServices.a; sourceTree = "<group>"; };
		EAF54E5F19BED176006966B8 /* CHANGELOG.md */ = {isa = PBXFileReference; fileEncoding = 4; lastKnownFileType = text; path = CHANGELOG.md; sourceTree = "<group>"; };
		EAF54E6019BED176006966B8 /* JSONKit.h */ = {isa = PBXFileReference; fileEncoding = 4; lastKnownFileType = sourcecode.c.h; path = JSONKit.h; sourceTree = "<group>"; };
		EAF54E6119BED176006966B8 /* JSONKit.m */ = {isa = PBXFileReference; fileEncoding = 4; lastKnownFileType = sourcecode.c.objc; path = JSONKit.m; sourceTree = "<group>"; };
		EAF54E6219BED176006966B8 /* README_JSON.md */ = {isa = PBXFileReference; fileEncoding = 4; lastKnownFileType = text; path = README_JSON.md; sourceTree = "<group>"; };
		EAF54E6719BED193006966B8 /* CheckboxButton.h */ = {isa = PBXFileReference; fileEncoding = 4; lastKnownFileType = sourcecode.c.h; path = CheckboxButton.h; sourceTree = "<group>"; };
		EAF54E6819BED193006966B8 /* CheckboxButton.m */ = {isa = PBXFileReference; fileEncoding = 4; lastKnownFileType = sourcecode.c.objc; path = CheckboxButton.m; sourceTree = "<group>"; };
		EAF54E6A19BED2A5006966B8 /* Alarm-Prefix.pch */ = {isa = PBXFileReference; fileEncoding = 4; lastKnownFileType = sourcecode.c.h; path = "Alarm-Prefix.pch"; sourceTree = "<group>"; };
		EAF83FE018AA476E0042657F /* CoreData.framework */ = {isa = PBXFileReference; lastKnownFileType = wrapper.framework; name = CoreData.framework; path = System/Library/Frameworks/CoreData.framework; sourceTree = SDKROOT; };
		EAF83FE218AA477F0042657F /* SystemConfiguration.framework */ = {isa = PBXFileReference; lastKnownFileType = wrapper.framework; name = SystemConfiguration.framework; path = System/Library/Frameworks/SystemConfiguration.framework; sourceTree = SDKROOT; };
		EAF83FE418AA47910042657F /* libz.dylib */ = {isa = PBXFileReference; lastKnownFileType = "compiled.mach-o.dylib"; name = libz.dylib; path = usr/lib/libz.dylib; sourceTree = SDKROOT; };
		EAFA496E188C005C00A9BF39 /* AdSupport.framework */ = {isa = PBXFileReference; lastKnownFileType = wrapper.framework; name = AdSupport.framework; path = System/Library/Frameworks/AdSupport.framework; sourceTree = SDKROOT; };
		EAFA4970188C006A00A9BF39 /* Security.framework */ = {isa = PBXFileReference; lastKnownFileType = wrapper.framework; name = Security.framework; path = System/Library/Frameworks/Security.framework; sourceTree = SDKROOT; };
/* End PBXFileReference section */

/* Begin PBXFrameworksBuildPhase section */
		EA3A86AB181A76920094B3C0 /* Frameworks */ = {
			isa = PBXFrameworksBuildPhase;
			buildActionMask = 2147483647;
			files = (
				EA5C538E1ABE2517001E061F /* NCMB.framework in Frameworks */,
				EA32C38419D1173B009BD9EC /* ImageIO.framework in Frameworks */,
				EAF2AAF418C1A17100E82AF2 /* AudioToolbox.framework in Frameworks */,
				EAF2AAF218C1A15F00E82AF2 /* MobileCoreServices.framework in Frameworks */,
				EACD3B2518B9B6690068E8D0 /* Social.framework in Frameworks */,
				EA3B39F81E08409500610A29 /* libNendAd.a in Frameworks */,
				EACD3B2318B9B6600068E8D0 /* Accounts.framework in Frameworks */,
				EAF83FE518AA47910042657F /* libz.dylib in Frameworks */,
				EAF83FE318AA477F0042657F /* SystemConfiguration.framework in Frameworks */,
				EAF83FE118AA476E0042657F /* CoreData.framework in Frameworks */,
				EAFA4971188C006A00A9BF39 /* Security.framework in Frameworks */,
				EAFA496F188C005C00A9BF39 /* AdSupport.framework in Frameworks */,
				EA4DC222184ADDCF002D8848 /* MediaPlayer.framework in Frameworks */,
				EAA333A518312C4B00A77258 /* CoreMotion.framework in Frameworks */,
				EA9D8CBB181B9F5900F481DF /* AVFoundation.framework in Frameworks */,
				EAF54E5D19BED15B006966B8 /* libGoogleAnalyticsServices.a in Frameworks */,
				EA3A86B6181A76920094B3C0 /* UIKit.framework in Frameworks */,
				EA3A86B2181A76920094B3C0 /* Foundation.framework in Frameworks */,
			);
			runOnlyForDeploymentPostprocessing = 0;
		};
		EA3A86CC181A76920094B3C0 /* Frameworks */ = {
			isa = PBXFrameworksBuildPhase;
			buildActionMask = 2147483647;
			files = (
				EA3A86D1181A76920094B3C0 /* XCTest.framework in Frameworks */,
				EA3A86D3181A76920094B3C0 /* UIKit.framework in Frameworks */,
				EA3A86D2181A76920094B3C0 /* Foundation.framework in Frameworks */,
			);
			runOnlyForDeploymentPostprocessing = 0;
		};
/* End PBXFrameworksBuildPhase section */

/* Begin PBXGroup section */
		EA148E2F18D46D2A009BA7B2 /* UIAlertView-Blocks-master */ = {
			isa = PBXGroup;
			children = (
				EA148E3018D46D2A009BA7B2 /* LICENSE */,
				EA148E3118D46D2A009BA7B2 /* README2.md */,
				EA148E3218D46D2A009BA7B2 /* RIButtonItem.h */,
				EA148E3318D46D2A009BA7B2 /* RIButtonItem.m */,
				EA148E3418D46D2A009BA7B2 /* UIActionSheet+Blocks.h */,
				EA148E3518D46D2A009BA7B2 /* UIActionSheet+Blocks.m */,
				EA148E3618D46D2A009BA7B2 /* UIAlertView+Blocks.h */,
				EA148E3718D46D2A009BA7B2 /* UIAlertView+Blocks.m */,
				EA148E3818D46D2A009BA7B2 /* UIAlertView-Blocks.podspec */,
			);
			name = "UIAlertView-Blocks-master";
			path = "../../SDK/UIAlertView-Blocks-master";
			sourceTree = "<group>";
		};
		EA2ADA6318F17A3C009C33C7 /* Sounds */ = {
			isa = PBXGroup;
			children = (
				EA2ADA6418F17A3C009C33C7 /* BABY.aif */,
				EA2ADA6518F17A3C009C33C7 /* BABY_Notif.aif */,
				EA2ADA6618F17A3C009C33C7 /* BELL.aif */,
				EA2ADA6718F17A3C009C33C7 /* BELL_Notif.aif */,
				EA2ADA6818F17A3C009C33C7 /* DISCO MODE.aif */,
				EA2ADA6918F17A3C009C33C7 /* DISCO MODE_Notif.aif */,
				EA2ADA6A18F17A3C009C33C7 /* DOG.aif */,
				EA2ADA6B18F17A3C009C33C7 /* DOG_Notif.aif */,
				EA2ADA6C18F17A3C009C33C7 /* HARD MODE.aif */,
				EA2ADA6D18F17A3C009C33C7 /* HARD MODE_Notif.aif */,
			);
			path = Sounds;
			sourceTree = "<group>";
		};
		EA3A86A5181A76920094B3C0 = {
			isa = PBXGroup;
			children = (
				EA148E2F18D46D2A009BA7B2 /* UIAlertView-Blocks-master */,
				EAF54E5519BED15B006966B8 /* GoogleAnalytics */,
				EAF54E5E19BED176006966B8 /* JSONKit-master */,
				EA3B39EA1E08409500610A29 /* NendAd */,
				EAF54E6619BED193006966B8 /* CheckBoxClass */,
				EA3A86C9181A76920094B3C0 /* Images.xcassets */,
				EA3A86B7181A76920094B3C0 /* Alarm */,
				EA3A86D6181A76920094B3C0 /* AlarmTests */,
				EA3A86B0181A76920094B3C0 /* Frameworks */,
				EA3A86AF181A76920094B3C0 /* Products */,
			);
			sourceTree = "<group>";
		};
		EA3A86AF181A76920094B3C0 /* Products */ = {
			isa = PBXGroup;
			children = (
				EA3A86AE181A76920094B3C0 /* Deraoki.app */,
				EA3A86CF181A76920094B3C0 /* AlarmTests.xctest */,
			);
			name = Products;
			sourceTree = "<group>";
		};
		EA3A86B0181A76920094B3C0 /* Frameworks */ = {
			isa = PBXGroup;
			children = (
				EA5C538D1ABE2517001E061F /* NCMB.framework */,
				EA32C38319D1173B009BD9EC /* ImageIO.framework */,
				EA672E971939E78700F2FD60 /* CoreTelephony.framework */,
				EA672E8D1939DF7F00F2FD60 /* MessageUI.framework */,
				EAF2AAF318C1A17100E82AF2 /* AudioToolbox.framework */,
				EAF2AAF118C1A15F00E82AF2 /* MobileCoreServices.framework */,
				EACD3B2418B9B6680068E8D0 /* Social.framework */,
				EACD3B2218B9B6600068E8D0 /* Accounts.framework */,
				EAF83FE418AA47910042657F /* libz.dylib */,
				EAF83FE218AA477F0042657F /* SystemConfiguration.framework */,
				EAF83FE018AA476E0042657F /* CoreData.framework */,
				EAFA4970188C006A00A9BF39 /* Security.framework */,
				EAFA496E188C005C00A9BF39 /* AdSupport.framework */,
				EA4DC221184ADDCF002D8848 /* MediaPlayer.framework */,
				EAA333A418312C4B00A77258 /* CoreMotion.framework */,
				EA9D8CBA181B9F5900F481DF /* AVFoundation.framework */,
				EA3A86B1181A76920094B3C0 /* Foundation.framework */,
				EA3A86B3181A76920094B3C0 /* CoreGraphics.framework */,
				EA3A86B5181A76920094B3C0 /* UIKit.framework */,
				EA3A86D0181A76920094B3C0 /* XCTest.framework */,
			);
			name = Frameworks;
			sourceTree = "<group>";
		};
		EA3A86B7181A76920094B3C0 /* Alarm */ = {
			isa = PBXGroup;
			children = (
				EAB9014918994ACB00AF7F33 /* AlarmAppDelegate.h */,
				EA3A86C1181A76920094B3C0 /* AlarmAppDelegate.m */,
				EA3A86C6181A76920094B3C0 /* AlarmViewController.h */,
				EA3A86C7181A76920094B3C0 /* AlarmViewController.m */,
				EA85CD2218DBD15800AC16D6 /* SettingsViewController.h */,
				EA85CD2318DBD17A00AC16D6 /* SettingsViewController.m */,
				EAB90143189941CB00AF7F33 /* MainStoryboard_iPhone.storyboard */,
				EAE770DE19C4C2B8002D9053 /* MainStoryboard_Old_iPhone.storyboard */,
				EABC975D1824D5DA0049B2DE /* Sound&Images */,
				EA3A86B8181A76920094B3C0 /* Supporting Files */,
			);
			name = Alarm;
			sourceTree = "<group>";
		};
		EA3A86B8181A76920094B3C0 /* Supporting Files */ = {
			isa = PBXGroup;
			children = (
				EAF54E6A19BED2A5006966B8 /* Alarm-Prefix.pch */,
				EA3A86B9181A76920094B3C0 /* Alarm-Info.plist */,
				EA3A86BA181A76920094B3C0 /* InfoPlist.strings */,
				EA1CF94A187C359300E35999 /* Localizable.strings */,
				EA3A86BD181A76920094B3C0 /* main.m */,
			);
			name = "Supporting Files";
			sourceTree = "<group>";
		};
		EA3A86D6181A76920094B3C0 /* AlarmTests */ = {
			isa = PBXGroup;
			children = (
				EA3A86DC181A76920094B3C0 /* AlarmTests.m */,
				EA3A86D7181A76920094B3C0 /* Supporting Files */,
			);
			path = AlarmTests;
			sourceTree = "<group>";
		};
		EA3A86D7181A76920094B3C0 /* Supporting Files */ = {
			isa = PBXGroup;
			children = (
				EA3A86D8181A76920094B3C0 /* AlarmTests-Info.plist */,
				EA3A86D9181A76920094B3C0 /* InfoPlistTests.strings */,
			);
			name = "Supporting Files";
			sourceTree = "<group>";
		};
		EA3B39EA1E08409500610A29 /* NendAd */ = {
			isa = PBXGroup;
			children = (
				EA3B39EB1E08409500610A29 /* libNendAd.a */,
				EA3B39EC1E08409500610A29 /* NADInterstitial.h */,
				EA3B39ED1E08409500610A29 /* NADNative.h */,
				EA3B39EE1E08409500610A29 /* NADNativeClient.h */,
				EA3B39EF1E08409500610A29 /* NADNativeError.h */,
				EA3B39F01E08409500610A29 /* NADNativeImageView.h */,
				EA3B39F11E08409500610A29 /* NADNativeLabel.h */,
				EA3B39F21E08409500610A29 /* NADNativeLogger.h */,
				EA3B39F31E08409500610A29 /* NADNativeTableViewHelper.h */,
				EA3B39F41E08409500610A29 /* NADNativeTableViewPlacement.h */,
				EA3B39F51E08409500610A29 /* NADNativeViewRendering.h */,
				EA3B39F61E08409500610A29 /* NADView.h */,
				EA3B39F71E08409500610A29 /* NADView_readme.txt */,
			);
			name = NendAd;
			path = "../../SDK/NendSDK_iOS-3.2.2/Nend/NendAd";
			sourceTree = "<group>";
		};
		EA672EB6193B0CF400F2FD60 /* Tutorial */ = {
			isa = PBXGroup;
			children = (
				EA672EB7193B0CF400F2FD60 /* batsu_50_50 */,
				EA672EB9193B0CF400F2FD60 /* gotomenu_220_32 */,
				EA672EBB193B0CF400F2FD60 /* onoff_156_38 */,
				EA672EBD193B0CF400F2FD60 /* ring_244_244 */,
				EA672EBF193B0CF400F2FD60 /* yajirushi_640_100 */,
				EA672EC1193B0CF400F2FD60 /* yubi_112_176 */,
			);
			path = Tutorial;
			sourceTree = "<group>";
		};
		EA672EB7193B0CF400F2FD60 /* batsu_50_50 */ = {
			isa = PBXGroup;
			children = (
				EA672EB8193B0CF400F2FD60 /* batu01.png */,
			);
			path = batsu_50_50;
			sourceTree = "<group>";
		};
		EA672EB9193B0CF400F2FD60 /* gotomenu_220_32 */ = {
			isa = PBXGroup;
			children = (
				EA672EBA193B0CF400F2FD60 /* gotomenu.png */,
			);
			path = gotomenu_220_32;
			sourceTree = "<group>";
		};
		EA672EBB193B0CF400F2FD60 /* onoff_156_38 */ = {
			isa = PBXGroup;
			children = (
				EA672EBC193B0CF400F2FD60 /* onoff.png */,
			);
			path = onoff_156_38;
			sourceTree = "<group>";
		};
		EA672EBD193B0CF400F2FD60 /* ring_244_244 */ = {
			isa = PBXGroup;
			children = (
				EA672EBE193B0CF400F2FD60 /* ring_default_244_244.png */,
			);
			path = ring_244_244;
			sourceTree = "<group>";
		};
		EA672EBF193B0CF400F2FD60 /* yajirushi_640_100 */ = {
			isa = PBXGroup;
			children = (
				EA672EC0193B0CF400F2FD60 /* yajirushi_640_100.png */,
			);
			path = yajirushi_640_100;
			sourceTree = "<group>";
		};
		EA672EC1193B0CF400F2FD60 /* yubi_112_176 */ = {
			isa = PBXGroup;
			children = (
				EA672EC2193B0CF400F2FD60 /* yubi01.png */,
			);
			path = yubi_112_176;
			sourceTree = "<group>";
		};
		EA85CD2518DBF77900AC16D6 /* Check Box */ = {
			isa = PBXGroup;
			children = (
				EA85CD2618DBF77900AC16D6 /* check.png */,
				EA85CD2718DBF77900AC16D6 /* disable_check.png */,
				EA85CD2818DBF77900AC16D6 /* nocheck.png */,
			);
			path = "Check Box";
			sourceTree = "<group>";
		};
		EA992AF4185B4A5500E92A2C /* Font */ = {
			isa = PBXGroup;
			children = (
				EA992B24185B4A9B00E92A2C /* font3_size236_198 */,
				EA992B0C185B4A8E00E92A2C /* font2_size76_64 */,
				EA992AF5185B4A7900E92A2C /* font1_size30_24 */,
			);
			name = Font;
			sourceTree = "<group>";
		};
		EA992AF5185B4A7900E92A2C /* font1_size30_24 */ = {
			isa = PBXGroup;
			children = (
				EA992B53185B69F200E92A2C /* size6_24 */,
				EA992AF6185B4A7900E92A2C /* font1_0.png */,
				EA992AF7185B4A7900E92A2C /* font1_1.png */,
				EA992AF8185B4A7900E92A2C /* font1_2.png */,
				EA992AF9185B4A7900E92A2C /* font1_3.png */,
				EA992AFA185B4A7900E92A2C /* font1_4.png */,
				EA992AFB185B4A7900E92A2C /* font1_5.png */,
				EA992AFC185B4A7900E92A2C /* font1_6.png */,
				EA992AFD185B4A7900E92A2C /* font1_7.png */,
				EA992AFE185B4A7900E92A2C /* font1_8.png */,
				EA992AFF185B4A7900E92A2C /* font1_9.png */,
				EA992B00185B4A7900E92A2C /* font1_mark01.png */,
			);
			path = font1_size30_24;
			sourceTree = "<group>";
		};
		EA992B0C185B4A8E00E92A2C /* font2_size76_64 */ = {
			isa = PBXGroup;
			children = (
				EA992B0D185B4A8E00E92A2C /* font2_0.png */,
				EA992B0E185B4A8E00E92A2C /* font2_1.png */,
				EA992B0F185B4A8E00E92A2C /* font2_2.png */,
				EA992B10185B4A8E00E92A2C /* font2_3.png */,
				EA992B11185B4A8E00E92A2C /* font2_4.png */,
				EA992B12185B4A8E00E92A2C /* font2_5.png */,
				EA992B13185B4A8E00E92A2C /* font2_6.png */,
				EA992B14185B4A8E00E92A2C /* font2_7.png */,
				EA992B15185B4A8E00E92A2C /* font2_8.png */,
				EA992B16185B4A8E00E92A2C /* font2_9.png */,
				EA992B17185B4A8E00E92A2C /* size14_64 */,
			);
			path = font2_size76_64;
			sourceTree = "<group>";
		};
		EA992B17185B4A8E00E92A2C /* size14_64 */ = {
			isa = PBXGroup;
			children = (
				EA992B18185B4A8E00E92A2C /* font2_mark01.png */,
			);
			path = size14_64;
			sourceTree = "<group>";
		};
		EA992B24185B4A9B00E92A2C /* font3_size236_198 */ = {
			isa = PBXGroup;
			children = (
				EA992B25185B4A9B00E92A2C /* font3_0.png */,
				EA992B26185B4A9B00E92A2C /* font3_1.png */,
				EA992B27185B4A9B00E92A2C /* font3_2.png */,
				EA992B28185B4A9B00E92A2C /* font3_3.png */,
				EA992B29185B4A9B00E92A2C /* font3_4.png */,
				EA992B2A185B4A9B00E92A2C /* font3_5.png */,
				EA992B2B185B4A9B00E92A2C /* font3_6.png */,
				EA992B2C185B4A9B00E92A2C /* font3_7.png */,
				EA992B2D185B4A9B00E92A2C /* font3_8.png */,
				EA992B2E185B4A9B00E92A2C /* font3_9.png */,
			);
			path = font3_size236_198;
			sourceTree = "<group>";
		};
		EA992B3A185B4AEC00E92A2C /* Images */ = {
			isa = PBXGroup;
			children = (
				EAE748F218E7982C00E54F0C /* Settings */,
				EAF0887218E0A9A6008B75A2 /* Splash Movie */,
				EA992B3C185B4B3000E92A2C /* Parts */,
				EA992B3B185B4B0200E92A2C /* Background Images */,
			);
			path = Images;
			sourceTree = "<group>";
		};
		EA992B3B185B4B0200E92A2C /* Background Images */ = {
			isa = PBXGroup;
			children = (
				EA672EA1193B052000F2FD60 /* bg_black_640_1136.png */,
				EA672E9F193B051600F2FD60 /* bg_black_640_960.png */,
				EA4DC223184B66E7002D8848 /* bg_iphone4.jpg */,
				EA992AF2185B2D6700E92A2C /* bg_iphone5.jpg */,
			);
			name = "Background Images";
			path = "Background Image";
			sourceTree = "<group>";
		};
		EA992B3C185B4B3000E92A2C /* Parts */ = {
			isa = PBXGroup;
			children = (
				EA672EB6193B0CF400F2FD60 /* Tutorial */,
				EA85CD2518DBF77900AC16D6 /* Check Box */,
				EA992B50185B66C100E92A2C /* shake_size148_30 */,
				EA992B4D185B66B800E92A2C /* remain_size116_18 */,
				EA992B4A185B66B000E92A2C /* megane_size166_52 */,
				EA992B47185B66A600E92A2C /* alarm_size94_22 */,
				EA992AF4185B4A5500E92A2C /* Font */,
			);
			path = Parts;
			sourceTree = "<group>";
		};
		EA992B47185B66A600E92A2C /* alarm_size94_22 */ = {
			isa = PBXGroup;
			children = (
				EA992B48185B66A600E92A2C /* alarm.png */,
			);
			path = alarm_size94_22;
			sourceTree = "<group>";
		};
		EA992B4A185B66B000E92A2C /* megane_size166_52 */ = {
			isa = PBXGroup;
			children = (
				EA992B4B185B66B000E92A2C /* megane.png */,
			);
			path = megane_size166_52;
			sourceTree = "<group>";
		};
		EA992B4D185B66B800E92A2C /* remain_size116_18 */ = {
			isa = PBXGroup;
			children = (
				EA992B4E185B66B800E92A2C /* remain.png */,
			);
			path = remain_size116_18;
			sourceTree = "<group>";
		};
		EA992B50185B66C100E92A2C /* shake_size148_30 */ = {
			isa = PBXGroup;
			children = (
				EA992B51185B66C100E92A2C /* shake.png */,
			);
			path = shake_size148_30;
			sourceTree = "<group>";
		};
		EA992B53185B69F200E92A2C /* size6_24 */ = {
			isa = PBXGroup;
			children = (
				EA992B54185B69F200E92A2C /* font1_mark02.png */,
			);
			path = size6_24;
			sourceTree = "<group>";
		};
		EABC975D1824D5DA0049B2DE /* Sound&Images */ = {
			isa = PBXGroup;
			children = (
				EA2ADA6318F17A3C009C33C7 /* Sounds */,
				EA992B3A185B4AEC00E92A2C /* Images */,
			);
			name = "Sound&Images";
			sourceTree = "<group>";
		};
		EAE748F218E7982C00E54F0C /* Settings */ = {
			isa = PBXGroup;
			children = (
				EAE748F318E7982C00E54F0C /* bg_iphone4_size640_960 */,
				EAE748F518E7982C00E54F0C /* bg_iphone5_size640_1136 */,
				EAE748F718E7982C00E54F0C /* checkbox_size36_36 */,
				EAE748FC18E7982C00E54F0C /* info_size50_50 */,
				EAE748FE18E7982C00E54F0C /* logout_size160_42 */,
				EAE7490018E7982C00E54F0C /* moon_size158_158 */,
				EAE7490218E7982C00E54F0C /* settings_size210_48 */,
			);
			path = Settings;
			sourceTree = "<group>";
		};
		EAE748F318E7982C00E54F0C /* bg_iphone4_size640_960 */ = {
			isa = PBXGroup;
			children = (
				EAE748F418E7982C00E54F0C /* setbg_iphone4.png */,
			);
			path = bg_iphone4_size640_960;
			sourceTree = "<group>";
		};
		EAE748F518E7982C00E54F0C /* bg_iphone5_size640_1136 */ = {
			isa = PBXGroup;
			children = (
				EAE748F618E7982C00E54F0C /* setbg_iphone5.png */,
			);
			path = bg_iphone5_size640_1136;
			sourceTree = "<group>";
		};
		EAE748F718E7982C00E54F0C /* checkbox_size36_36 */ = {
			isa = PBXGroup;
			children = (
				EAE748F818E7982C00E54F0C /* checkbox01.png */,
				EAE748F918E7982C00E54F0C /* checkbox02.png */,
				EAE748FA18E7982C00E54F0C /* checkbox03.png */,
				EAE748FB18E7982C00E54F0C /* checkbox04.png */,
			);
			path = checkbox_size36_36;
			sourceTree = "<group>";
		};
		EAE748FC18E7982C00E54F0C /* info_size50_50 */ = {
			isa = PBXGroup;
			children = (
				EAE748FD18E7982C00E54F0C /* info.png */,
			);
			path = info_size50_50;
			sourceTree = "<group>";
		};
		EAE748FE18E7982C00E54F0C /* logout_size160_42 */ = {
			isa = PBXGroup;
			children = (
				EAE748FF18E7982C00E54F0C /* logout.png */,
			);
			path = logout_size160_42;
			sourceTree = "<group>";
		};
		EAE7490018E7982C00E54F0C /* moon_size158_158 */ = {
			isa = PBXGroup;
			children = (
				EAE7490118E7982C00E54F0C /* moon.png */,
			);
			path = moon_size158_158;
			sourceTree = "<group>";
		};
		EAE7490218E7982C00E54F0C /* settings_size210_48 */ = {
			isa = PBXGroup;
			children = (
				EAE7490318E7982C00E54F0C /* settings.png */,
			);
			path = settings_size210_48;
			sourceTree = "<group>";
		};
		EAF0887218E0A9A6008B75A2 /* Splash Movie */ = {
			isa = PBXGroup;
			children = (
				EAF0887318E0A9A6008B75A2 /* splash0314_ip4.mp4 */,
				EAF0887418E0A9A6008B75A2 /* splash0314_ip5.mp4 */,
			);
			path = "Splash Movie";
			sourceTree = "<group>";
		};
		EAF54E5519BED15B006966B8 /* GoogleAnalytics */ = {
			isa = PBXGroup;
			children = (
				EAF54E5619BED15B006966B8 /* GAI.h */,
				EAF54E5719BED15B006966B8 /* GAIDictionaryBuilder.h */,
				EAF54E5819BED15B006966B8 /* GAIFields.h */,
				EAF54E5919BED15B006966B8 /* GAILogger.h */,
				EAF54E5A19BED15B006966B8 /* GAITrackedViewController.h */,
				EAF54E5B19BED15B006966B8 /* GAITracker.h */,
				EAF54E5C19BED15B006966B8 /* libGoogleAnalyticsServices.a */,
			);
			name = GoogleAnalytics;
			path = ../../SDK/GoogleAnalytics;
			sourceTree = "<group>";
		};
		EAF54E5E19BED176006966B8 /* JSONKit-master */ = {
			isa = PBXGroup;
			children = (
				EAF54E5F19BED176006966B8 /* CHANGELOG.md */,
				EAF54E6019BED176006966B8 /* JSONKit.h */,
				EAF54E6119BED176006966B8 /* JSONKit.m */,
				EAF54E6219BED176006966B8 /* README_JSON.md */,
			);
			name = "JSONKit-master";
			path = "../../SDK/JSONKit-master";
			sourceTree = "<group>";
		};
		EAF54E6619BED193006966B8 /* CheckBoxClass */ = {
			isa = PBXGroup;
			children = (
				EAF54E6719BED193006966B8 /* CheckboxButton.h */,
				EAF54E6819BED193006966B8 /* CheckboxButton.m */,
			);
			name = CheckBoxClass;
			path = ../../SDK/CheckBoxClass;
			sourceTree = "<group>";
		};
/* End PBXGroup section */

/* Begin PBXNativeTarget section */
		EA3A86AD181A76920094B3C0 /* Deraoki */ = {
			isa = PBXNativeTarget;
			buildConfigurationList = EA3A86E0181A76920094B3C0 /* Build configuration list for PBXNativeTarget "Deraoki" */;
			buildPhases = (
				EA3A86AA181A76920094B3C0 /* Sources */,
				EA3A86AB181A76920094B3C0 /* Frameworks */,
				EA3A86AC181A76920094B3C0 /* Resources */,
			);
			buildRules = (
			);
			dependencies = (
			);
			name = Deraoki;
			productName = Alarm;
			productReference = EA3A86AE181A76920094B3C0 /* Deraoki.app */;
			productType = "com.apple.product-type.application";
		};
		EA3A86CE181A76920094B3C0 /* AlarmTests */ = {
			isa = PBXNativeTarget;
			buildConfigurationList = EA3A86E3181A76920094B3C0 /* Build configuration list for PBXNativeTarget "AlarmTests" */;
			buildPhases = (
				EA3A86CB181A76920094B3C0 /* Sources */,
				EA3A86CC181A76920094B3C0 /* Frameworks */,
				EA3A86CD181A76920094B3C0 /* Resources */,
			);
			buildRules = (
			);
			dependencies = (
				EA3A86D5181A76920094B3C0 /* PBXTargetDependency */,
			);
			name = AlarmTests;
			productName = AlarmTests;
			productReference = EA3A86CF181A76920094B3C0 /* AlarmTests.xctest */;
			productType = "com.apple.product-type.bundle.unit-test";
		};
/* End PBXNativeTarget section */

/* Begin PBXProject section */
		EA3A86A6181A76920094B3C0 /* Project object */ = {
			isa = PBXProject;
			attributes = {
				CLASSPREFIX = Alarm;
				LastUpgradeCheck = 0820;
				ORGANIZATIONNAME = Meganecomputer;
				TargetAttributes = {
					EA3A86AD181A76920094B3C0 = {
						DevelopmentTeam = 2QT585P8A5;
						ProvisioningStyle = Automatic;
						SystemCapabilities = {
							com.apple.BackgroundModes = {
								enabled = 1;
							};
							com.apple.InAppPurchase = {
								enabled = 0;
							};
						};
					};
					EA3A86CE181A76920094B3C0 = {
						TestTargetID = EA3A86AD181A76920094B3C0;
					};
				};
			};
			buildConfigurationList = EA3A86A9181A76920094B3C0 /* Build configuration list for PBXProject "Alarm" */;
			compatibilityVersion = "Xcode 3.2";
			developmentRegion = English;
			hasScannedForEncodings = 0;
			knownRegions = (
				en,
				Base,
				ja,
			);
			mainGroup = EA3A86A5181A76920094B3C0;
			productRefGroup = EA3A86AF181A76920094B3C0 /* Products */;
			projectDirPath = "";
			projectRoot = "";
			targets = (
				EA3A86AD181A76920094B3C0 /* Deraoki */,
				EA3A86CE181A76920094B3C0 /* AlarmTests */,
			);
		};
/* End PBXProject section */

/* Begin PBXResourcesBuildPhase section */
		EA3A86AC181A76920094B3C0 /* Resources */ = {
			isa = PBXResourcesBuildPhase;
			buildActionMask = 2147483647;
			files = (
				EAF0887518E0A9A6008B75A2 /* splash0314_ip4.mp4 in Resources */,
				EA672EC3193B0CF400F2FD60 /* batu01.png in Resources */,
				EAF0887618E0A9A6008B75A2 /* splash0314_ip5.mp4 in Resources */,
				EA672EA0193B051600F2FD60 /* bg_black_640_960.png in Resources */,
				EA2ADA7318F17A3C009C33C7 /* DISCO MODE_Notif.aif in Resources */,
				EAB90147189943A800AF7F33 /* MainStoryboard_iPhone.storyboard in Resources */,
				EAE7490918E7982C00E54F0C /* checkbox04.png in Resources */,
				EA148E3918D46D2A009BA7B2 /* LICENSE in Resources */,
				EA992B34185B4A9B00E92A2C /* font3_5.png in Resources */,
				EA3B39F91E08409500610A29 /* NADView_readme.txt in Resources */,
				EA992B04185B4A7900E92A2C /* font1_3.png in Resources */,
				EA672EC6193B0CF400F2FD60 /* ring_default_244_244.png in Resources */,
				EAF54E6519BED176006966B8 /* README_JSON.md in Resources */,
				EA992B05185B4A7900E92A2C /* font1_4.png in Resources */,
				EA2ADA7018F17A3C009C33C7 /* BELL.aif in Resources */,
				EA992B1C185B4A8E00E92A2C /* font2_3.png in Resources */,
				EA992B49185B66A600E92A2C /* alarm.png in Resources */,
				EA992B09185B4A7900E92A2C /* font1_8.png in Resources */,
				EA992B35185B4A9B00E92A2C /* font3_6.png in Resources */,
				EA992B31185B4A9B00E92A2C /* font3_2.png in Resources */,
				EA2ADA7718F17A3C009C33C7 /* HARD MODE_Notif.aif in Resources */,
				EA2ADA7218F17A3C009C33C7 /* DISCO MODE.aif in Resources */,
				EAE7490B18E7982C00E54F0C /* logout.png in Resources */,
				EA992B37185B4A9B00E92A2C /* font3_8.png in Resources */,
				EA85CD2A18DBF77900AC16D6 /* disable_check.png in Resources */,
				EA992B02185B4A7900E92A2C /* font1_1.png in Resources */,
				EA148E3E18D46D2A009BA7B2 /* UIAlertView-Blocks.podspec in Resources */,
				EA992B55185B69F200E92A2C /* font1_mark02.png in Resources */,
				EA3A86CA181A76920094B3C0 /* Images.xcassets in Resources */,
				EA2ADA6F18F17A3C009C33C7 /* BABY_Notif.aif in Resources */,
				EA85CD2B18DBF77900AC16D6 /* nocheck.png in Resources */,
				EA2ADA7118F17A3C009C33C7 /* BELL_Notif.aif in Resources */,
				EA992B03185B4A7900E92A2C /* font1_2.png in Resources */,
				EA992B2F185B4A9B00E92A2C /* font3_0.png in Resources */,
				EA992B4F185B66B800E92A2C /* remain.png in Resources */,
				EA992B1E185B4A8E00E92A2C /* font2_5.png in Resources */,
				EA148E3A18D46D2A009BA7B2 /* README2.md in Resources */,
				EA992B01185B4A7900E92A2C /* font1_0.png in Resources */,
				EA992B38185B4A9B00E92A2C /* font3_9.png in Resources */,
				EA85CD2918DBF77900AC16D6 /* check.png in Resources */,
				EAE7490C18E7982C00E54F0C /* moon.png in Resources */,
				EA4DC224184B66E7002D8848 /* bg_iphone4.jpg in Resources */,
				EA992AF3185B2D6700E92A2C /* bg_iphone5.jpg in Resources */,
				EA672EC7193B0CF400F2FD60 /* yajirushi_640_100.png in Resources */,
				EA992B1A185B4A8E00E92A2C /* font2_1.png in Resources */,
				EA2ADA7618F17A3C009C33C7 /* HARD MODE.aif in Resources */,
				EA992B0A185B4A7900E92A2C /* font1_9.png in Resources */,
				EAE7490418E7982C00E54F0C /* setbg_iphone4.png in Resources */,
				EA1CF948187C359300E35999 /* Localizable.strings in Resources */,
				EA992B52185B66C100E92A2C /* shake.png in Resources */,
				EA672EA2193B052000F2FD60 /* bg_black_640_1136.png in Resources */,
				EA992B19185B4A8E00E92A2C /* font2_0.png in Resources */,
				EA992B1F185B4A8E00E92A2C /* font2_6.png in Resources */,
				EA992B1B185B4A8E00E92A2C /* font2_2.png in Resources */,
				EA992B1D185B4A8E00E92A2C /* font2_4.png in Resources */,
				EAE7490818E7982C00E54F0C /* checkbox03.png in Resources */,
				EAE7490618E7982C00E54F0C /* checkbox01.png in Resources */,
				EAE770DF19C4C2B8002D9053 /* MainStoryboard_Old_iPhone.storyboard in Resources */,
				EA992B08185B4A7900E92A2C /* font1_7.png in Resources */,
				EAE7490A18E7982C00E54F0C /* info.png in Resources */,
				EAE7490518E7982C00E54F0C /* setbg_iphone5.png in Resources */,
				EA672EC8193B0CF400F2FD60 /* yubi01.png in Resources */,
				EA2ADA7518F17A3C009C33C7 /* DOG_Notif.aif in Resources */,
				EA992B07185B4A7900E92A2C /* font1_6.png in Resources */,
				EA992B30185B4A9B00E92A2C /* font3_1.png in Resources */,
				EA992B36185B4A9B00E92A2C /* font3_7.png in Resources */,
				EA992B33185B4A9B00E92A2C /* font3_4.png in Resources */,
				EA992B06185B4A7900E92A2C /* font1_5.png in Resources */,
				EA992B20185B4A8E00E92A2C /* font2_7.png in Resources */,
				EAF54E6319BED176006966B8 /* CHANGELOG.md in Resources */,
				EA992B32185B4A9B00E92A2C /* font3_3.png in Resources */,
				EA672EC5193B0CF400F2FD60 /* onoff.png in Resources */,
				EA992B0B185B4A7900E92A2C /* font1_mark01.png in Resources */,
				EA992B21185B4A8E00E92A2C /* font2_8.png in Resources */,
				EA2ADA7418F17A3C009C33C7 /* DOG.aif in Resources */,
				EA3A86BC181A76920094B3C0 /* InfoPlist.strings in Resources */,
				EA992B22185B4A8E00E92A2C /* font2_9.png in Resources */,
				EAE7490718E7982C00E54F0C /* checkbox02.png in Resources */,
				EA2ADA6E18F17A3C009C33C7 /* BABY.aif in Resources */,
				EAE7490D18E7982C00E54F0C /* settings.png in Resources */,
				EA992B4C185B66B000E92A2C /* megane.png in Resources */,
				EA992B23185B4A8E00E92A2C /* font2_mark01.png in Resources */,
			);
			runOnlyForDeploymentPostprocessing = 0;
		};
		EA3A86CD181A76920094B3C0 /* Resources */ = {
			isa = PBXResourcesBuildPhase;
			buildActionMask = 2147483647;
			files = (
				EA3A86DB181A76920094B3C0 /* InfoPlistTests.strings in Resources */,
			);
			runOnlyForDeploymentPostprocessing = 0;
		};
/* End PBXResourcesBuildPhase section */

/* Begin PBXSourcesBuildPhase section */
		EA3A86AA181A76920094B3C0 /* Sources */ = {
			isa = PBXSourcesBuildPhase;
			buildActionMask = 2147483647;
			files = (
				EA3A86C8181A76920094B3C0 /* AlarmViewController.m in Sources */,
				EA148E3C18D46D2A009BA7B2 /* UIActionSheet+Blocks.m in Sources */,
				EAF54E6419BED176006966B8 /* JSONKit.m in Sources */,
				EA85CD2418DBD17A00AC16D6 /* SettingsViewController.m in Sources */,
				EA148E3B18D46D2A009BA7B2 /* RIButtonItem.m in Sources */,
				EA3A86C2181A76920094B3C0 /* AlarmAppDelegate.m in Sources */,
				EA148E3D18D46D2A009BA7B2 /* UIAlertView+Blocks.m in Sources */,
				EAF54E6919BED193006966B8 /* CheckboxButton.m in Sources */,
				EA3A86BE181A76920094B3C0 /* main.m in Sources */,
			);
			runOnlyForDeploymentPostprocessing = 0;
		};
		EA3A86CB181A76920094B3C0 /* Sources */ = {
			isa = PBXSourcesBuildPhase;
			buildActionMask = 2147483647;
			files = (
				EA3A86DD181A76920094B3C0 /* AlarmTests.m in Sources */,
			);
			runOnlyForDeploymentPostprocessing = 0;
		};
/* End PBXSourcesBuildPhase section */

/* Begin PBXTargetDependency section */
		EA3A86D5181A76920094B3C0 /* PBXTargetDependency */ = {
			isa = PBXTargetDependency;
			target = EA3A86AD181A76920094B3C0 /* Deraoki */;
			targetProxy = EA3A86D4181A76920094B3C0 /* PBXContainerItemProxy */;
		};
/* End PBXTargetDependency section */

/* Begin PBXVariantGroup section */
		EA1CF94A187C359300E35999 /* Localizable.strings */ = {
			isa = PBXVariantGroup;
			children = (
				EA1CF949187C359300E35999 /* en */,
				EA1CF94B187C359C00E35999 /* ja */,
			);
			name = Localizable.strings;
			path = Localize;
			sourceTree = "<group>";
		};
		EA3A86BA181A76920094B3C0 /* InfoPlist.strings */ = {
			isa = PBXVariantGroup;
			children = (
				EA3A86BB181A76920094B3C0 /* en */,
				EA1CF945187C2A5900E35999 /* ja */,
			);
			name = InfoPlist.strings;
			path = Localize;
			sourceTree = "<group>";
		};
		EA3A86D9181A76920094B3C0 /* InfoPlistTests.strings */ = {
			isa = PBXVariantGroup;
			children = (
				EA3A86DA181A76920094B3C0 /* en */,
			);
			name = InfoPlistTests.strings;
			sourceTree = "<group>";
		};
/* End PBXVariantGroup section */

/* Begin XCBuildConfiguration section */
		EA3A86DE181A76920094B3C0 /* Debug */ = {
			isa = XCBuildConfiguration;
			buildSettings = {
				ALWAYS_SEARCH_USER_PATHS = YES;
				CLANG_ANALYZER_LOCALIZABILITY_NONLOCALIZED = YES;
				CLANG_CXX_LANGUAGE_STANDARD = "gnu++0x";
				CLANG_CXX_LIBRARY = "libc++";
				CLANG_ENABLE_MODULES = YES;
				CLANG_ENABLE_OBJC_ARC = YES;
				CLANG_WARN_BOOL_CONVERSION = YES;
				CLANG_WARN_CONSTANT_CONVERSION = YES;
				CLANG_WARN_DIRECT_OBJC_ISA_USAGE = YES_ERROR;
				CLANG_WARN_EMPTY_BODY = YES;
				CLANG_WARN_ENUM_CONVERSION = YES;
				CLANG_WARN_INFINITE_RECURSION = YES;
				CLANG_WARN_INT_CONVERSION = YES;
				CLANG_WARN_OBJC_ROOT_CLASS = YES_ERROR;
				CLANG_WARN_SUSPICIOUS_MOVE = YES;
				CLANG_WARN_UNREACHABLE_CODE = YES;
				CLANG_WARN__DUPLICATE_METHOD_MATCH = YES;
				CODE_SIGN_IDENTITY = "iPhone Developer: Shuji Takahashi (5Q6BXH7QTR)";
				COPY_PHASE_STRIP = NO;
				ENABLE_STRICT_OBJC_MSGSEND = YES;
				ENABLE_TESTABILITY = YES;
				GCC_C_LANGUAGE_STANDARD = gnu99;
				GCC_DYNAMIC_NO_PIC = NO;
				GCC_NO_COMMON_BLOCKS = YES;
				GCC_OPTIMIZATION_LEVEL = 0;
				GCC_PREPROCESSOR_DEFINITIONS = "DEBUG=1";
				GCC_SYMBOLS_PRIVATE_EXTERN = NO;
				GCC_WARN_64_TO_32_BIT_CONVERSION = YES;
				"GCC_WARN_64_TO_32_BIT_CONVERSION[arch=*64]" = YES;
				GCC_WARN_ABOUT_RETURN_TYPE = YES_ERROR;
				GCC_WARN_UNDECLARED_SELECTOR = YES;
				GCC_WARN_UNINITIALIZED_AUTOS = YES;
				GCC_WARN_UNUSED_FUNCTION = YES;
				GCC_WARN_UNUSED_VARIABLE = YES;
				HEADER_SEARCH_PATHS = (
					"$(inherited)",
					"/Users/meganecomputer/iOs/MeganeApp/SDK/NendSDK_iOS-2.5.5/Nend/NendAd",
				);
				IPHONEOS_DEPLOYMENT_TARGET = 8.0;
				LIBRARY_SEARCH_PATHS = "";
				ONLY_ACTIVE_ARCH = YES;
				PROVISIONING_PROFILE = "c2210933-0759-490b-8637-48291a2df5fb";
				RUN_CLANG_STATIC_ANALYZER = NO;
				SDKROOT = iphoneos;
				VALIDATE_PRODUCT = NO;
			};
			name = Debug;
		};
		EA3A86DF181A76920094B3C0 /* Release */ = {
			isa = XCBuildConfiguration;
			buildSettings = {
				ALWAYS_SEARCH_USER_PATHS = YES;
				CLANG_ANALYZER_LOCALIZABILITY_NONLOCALIZED = YES;
				CLANG_CXX_LANGUAGE_STANDARD = "gnu++0x";
				CLANG_CXX_LIBRARY = "libc++";
				CLANG_ENABLE_MODULES = YES;
				CLANG_ENABLE_OBJC_ARC = YES;
				CLANG_WARN_BOOL_CONVERSION = YES;
				CLANG_WARN_CONSTANT_CONVERSION = YES;
				CLANG_WARN_DIRECT_OBJC_ISA_USAGE = YES_ERROR;
				CLANG_WARN_EMPTY_BODY = YES;
				CLANG_WARN_ENUM_CONVERSION = YES;
				CLANG_WARN_INFINITE_RECURSION = YES;
				CLANG_WARN_INT_CONVERSION = YES;
				CLANG_WARN_OBJC_ROOT_CLASS = YES_ERROR;
				CLANG_WARN_SUSPICIOUS_MOVE = YES;
				CLANG_WARN_UNREACHABLE_CODE = YES;
				CLANG_WARN__DUPLICATE_METHOD_MATCH = YES;
				CODE_SIGN_IDENTITY = "iPhone Distribution: Shuji Takahashi (2QT585P8A5)";
				COPY_PHASE_STRIP = YES;
				ENABLE_NS_ASSERTIONS = YES;
				ENABLE_STRICT_OBJC_MSGSEND = YES;
				GCC_C_LANGUAGE_STANDARD = gnu99;
				GCC_NO_COMMON_BLOCKS = YES;
				GCC_WARN_64_TO_32_BIT_CONVERSION = YES;
				"GCC_WARN_64_TO_32_BIT_CONVERSION[arch=*64]" = YES;
				GCC_WARN_ABOUT_RETURN_TYPE = YES_ERROR;
				GCC_WARN_UNDECLARED_SELECTOR = YES;
				GCC_WARN_UNINITIALIZED_AUTOS = YES;
				GCC_WARN_UNUSED_FUNCTION = YES;
				GCC_WARN_UNUSED_VARIABLE = YES;
				HEADER_SEARCH_PATHS = (
					"$(inherited)",
					"/Users/meganecomputer/iOs/MeganeApp/SDK/NendSDK_iOS-2.5.5/Nend/NendAd",
				);
				IPHONEOS_DEPLOYMENT_TARGET = 8.0;
				LIBRARY_SEARCH_PATHS = "";
				ONLY_ACTIVE_ARCH = YES;
				PROVISIONING_PROFILE = "c2210933-0759-490b-8637-48291a2df5fb";
				RUN_CLANG_STATIC_ANALYZER = NO;
				SDKROOT = iphoneos;
				VALIDATE_PRODUCT = YES;
			};
			name = Release;
		};
		EA3A86E1181A76920094B3C0 /* Debug */ = {
			isa = XCBuildConfiguration;
			buildSettings = {
				ALWAYS_SEARCH_USER_PATHS = YES;
				ASSETCATALOG_COMPILER_APPICON_NAME = AppIcon;
				ASSETCATALOG_COMPILER_LAUNCHIMAGE_NAME = LaunchImage;
				BUNDLE_DISPLAY_NAME_SUFFIX = _dev;
				BUNDLE_IDENTIFIER_SUFFIX = .debug;
				CLANG_CXX_LANGUAGE_STANDARD = "gnu++0x";
				CLANG_CXX_LIBRARY = "libc++";
				CLANG_WARN_BOOL_CONVERSION = YES;
				CLANG_WARN_CONSTANT_CONVERSION = YES;
				CLANG_WARN_DIRECT_OBJC_ISA_USAGE = YES_ERROR;
				CLANG_WARN_EMPTY_BODY = YES;
				CLANG_WARN_ENUM_CONVERSION = YES;
				CLANG_WARN_INT_CONVERSION = YES;
				CLANG_WARN__DUPLICATE_METHOD_MATCH = YES;
				CODE_SIGN_IDENTITY = "iPhone Developer: Shuji Takahashi (5Q6BXH7QTR)";
				"CODE_SIGN_IDENTITY[sdk=iphoneos*]" = "iPhone Developer";
				DEVELOPMENT_TEAM = 2QT585P8A5;
				ENABLE_BITCODE = NO;
				FRAMEWORK_SEARCH_PATHS = (
					"$(inherited)",
					/Users/meganecomputer/iOs/MeganeApp/SDK/,
					/Users/meganecomputer/iOs/MeganeApp/SDK,
				);
				GCC_PRECOMPILE_PREFIX_HEADER = YES;
				GCC_PREFIX_HEADER = "/Users/meganecomputer/iOs/MeganeApp/Deraoki/Alarm/Alarm-Prefix.pch";
				GCC_WARN_64_TO_32_BIT_CONVERSION = YES;
				"GCC_WARN_64_TO_32_BIT_CONVERSION[arch=*64]" = YES;
				GCC_WARN_ABOUT_MISSING_PROTOTYPES = YES;
				GCC_WARN_ABOUT_RETURN_TYPE = YES_ERROR;
				GCC_WARN_UNDECLARED_SELECTOR = YES;
				GCC_WARN_UNINITIALIZED_AUTOS = YES;
				GCC_WARN_UNUSED_FUNCTION = YES;
				HEADER_SEARCH_PATHS = "/Users/meganecomputer/iOs/MeganeApp/SDK/NendSDK_iOS-3.2.2/Nend/NendAd";
				"HEADER_SEARCH_PATHS[arch=*]" = "/Users/meganecomputer/iOs/MeganeApp/SDK/NendSDK_iOS-3.2.2/Nend/NendAd";
				INFOPLIST_FILE = "/Users/meganecomputer/iOs/MeganeApp/Deraoki/Alarm/Alarm-Info.plist";
				IPHONEOS_DEPLOYMENT_TARGET = 8.0;
				LIBRARY_SEARCH_PATHS = (
					"$(inherited)",
					/Users/meganecomputer/iOs/MeganeApp/SDK/GoogleAnalytics,
					"/Users/meganecomputer/iOs/MeganeApp/SDK/NendSDK_iOS-3.2.2/Nend/NendAd",
				);
				"LIBRARY_SEARCH_PATHS[arch=*]" = (
					"$(inherited)",
					/Users/meganecomputer/iOs/MeganeApp/SDK/GoogleAnalytics,
					"/Users/meganecomputer/iOs/MeganeApp/SDK/NendSDK_iOS-3.2.2/Nend/NendAd",
				);
				ONLY_ACTIVE_ARCH = YES;
				OTHER_LDFLAGS = "";
				PRODUCT_BUNDLE_IDENTIFIER = "com.Meganecomputer.$(PRODUCT_NAME:rfc1034identifier)${BUNDLE_IDENTIFIER_SUFFIX}";
				PRODUCT_NAME = "$(TARGET_NAME)";
				PROVISIONING_PROFILE = "";
				PROVISIONING_PROFILE_SPECIFIER = "";
				SDKROOT = iphoneos;
				TARGETED_DEVICE_FAMILY = 1;
				VALID_ARCHS = "arm64 armv7 armv7s";
				"VALID_ARCHS[sdk=*]" = "arm64 armv7 armv7s";
				WRAPPER_EXTENSION = app;
			};
			name = Debug;
		};
		EA3A86E2181A76920094B3C0 /* Release */ = {
			isa = XCBuildConfiguration;
			buildSettings = {
				ALWAYS_SEARCH_USER_PATHS = YES;
				ASSETCATALOG_COMPILER_APPICON_NAME = AppIcon;
				ASSETCATALOG_COMPILER_LAUNCHIMAGE_NAME = LaunchImage;
				BUNDLE_DISPLAY_NAME_SUFFIX = "";
				BUNDLE_IDENTIFIER_SUFFIX = "";
				CLANG_CXX_LANGUAGE_STANDARD = "gnu++0x";
				CLANG_CXX_LIBRARY = "libc++";
				CLANG_WARN_BOOL_CONVERSION = YES;
				CLANG_WARN_CONSTANT_CONVERSION = YES;
				CLANG_WARN_DIRECT_OBJC_ISA_USAGE = YES_ERROR;
				CLANG_WARN_EMPTY_BODY = YES;
				CLANG_WARN_ENUM_CONVERSION = YES;
				CLANG_WARN_INT_CONVERSION = YES;
				CLANG_WARN__DUPLICATE_METHOD_MATCH = YES;
				CODE_SIGN_IDENTITY = "iPhone Distribution: Shuji Takahashi (2QT585P8A5)";
				"CODE_SIGN_IDENTITY[sdk=iphoneos*]" = "iPhone Distribution";
				DEVELOPMENT_TEAM = 2QT585P8A5;
				ENABLE_BITCODE = NO;
				ENABLE_NS_ASSERTIONS = NO;
				FRAMEWORK_SEARCH_PATHS = (
					"$(inherited)",
					/Users/meganecomputer/iOs/MeganeApp/SDK/,
					/Users/meganecomputer/iOs/MeganeApp/SDK,
				);
				GCC_PRECOMPILE_PREFIX_HEADER = YES;
				GCC_PREFIX_HEADER = "/Users/meganecomputer/iOs/MeganeApp/Deraoki/Alarm/Alarm-Prefix.pch";
				GCC_SYMBOLS_PRIVATE_EXTERN = YES;
				GCC_WARN_64_TO_32_BIT_CONVERSION = YES;
				"GCC_WARN_64_TO_32_BIT_CONVERSION[arch=*64]" = YES;
				GCC_WARN_ABOUT_MISSING_PROTOTYPES = YES;
				GCC_WARN_ABOUT_RETURN_TYPE = YES_ERROR;
				GCC_WARN_UNDECLARED_SELECTOR = YES;
				GCC_WARN_UNINITIALIZED_AUTOS = YES;
				GCC_WARN_UNUSED_FUNCTION = YES;
				HEADER_SEARCH_PATHS = "/Users/meganecomputer/iOs/MeganeApp/SDK/NendSDK_iOS-3.2.2/Nend/NendAd";
				"HEADER_SEARCH_PATHS[arch=*]" = "/Users/meganecomputer/iOs/MeganeApp/SDK/NendSDK_iOS-3.2.2/Nend/NendAd";
				INFOPLIST_FILE = "/Users/meganecomputer/iOs/MeganeApp/Deraoki/Alarm/Alarm-Info.plist";
				IPHONEOS_DEPLOYMENT_TARGET = 8.0;
				LIBRARY_SEARCH_PATHS = (
					"$(inherited)",
					/Users/meganecomputer/iOs/MeganeApp/SDK/GoogleAnalytics,
					"/Users/meganecomputer/iOs/MeganeApp/SDK/NendSDK_iOS-3.2.2/Nend/NendAd",
				);
				"LIBRARY_SEARCH_PATHS[arch=*]" = (
					"$(inherited)",
					/Users/meganecomputer/iOs/MeganeApp/SDK/GoogleAnalytics,
					"/Users/meganecomputer/iOs/MeganeApp/SDK/NendSDK_iOS-3.2.2/Nend/NendAd",
				);
				ONLY_ACTIVE_ARCH = YES;
				OTHER_CFLAGS = "";
				OTHER_CPLUSPLUSFLAGS = "";
				OTHER_LDFLAGS = "";
				PRODUCT_BUNDLE_IDENTIFIER = "com.Meganecomputer.$(PRODUCT_NAME:rfc1034identifier)${BUNDLE_IDENTIFIER_SUFFIX}";
				PRODUCT_NAME = "$(TARGET_NAME)";
				PROVISIONING_PROFILE = "";
				PROVISIONING_PROFILE_SPECIFIER = "";
				SDKROOT = iphoneos;
				TARGETED_DEVICE_FAMILY = 1;
				VALID_ARCHS = "arm64 armv7 armv7s";
				"VALID_ARCHS[sdk=*]" = "arm64 armv7 armv7s";
				WRAPPER_EXTENSION = app;
			};
			name = Release;
		};
		EA3A86E4181A76920094B3C0 /* Debug */ = {
			isa = XCBuildConfiguration;
			buildSettings = {
				BUNDLE_LOADER = "$(BUILT_PRODUCTS_DIR)/Alarm.app/Alarm";
				FRAMEWORK_SEARCH_PATHS = (
					"$(SDKROOT)/Developer/Library/Frameworks",
					"$(inherited)",
					"$(DEVELOPER_FRAMEWORKS_DIR)",
				);
				GCC_PRECOMPILE_PREFIX_HEADER = YES;
				GCC_PREFIX_HEADER = "Alarm/Alarm-Prefix.pch";
				GCC_PREPROCESSOR_DEFINITIONS = (
					"DEBUG=1",
					"$(inherited)",
				);
				INFOPLIST_FILE = "AlarmTests/AlarmTests-Info.plist";
				PRODUCT_BUNDLE_IDENTIFIER = "com.Meganecomputer.${PRODUCT_NAME:rfc1034identifier}";
				PRODUCT_NAME = "$(TARGET_NAME)";
				TEST_HOST = "$(BUNDLE_LOADER)";
				WRAPPER_EXTENSION = xctest;
			};
			name = Debug;
		};
		EA3A86E5181A76920094B3C0 /* Release */ = {
			isa = XCBuildConfiguration;
			buildSettings = {
				BUNDLE_LOADER = "$(BUILT_PRODUCTS_DIR)/Alarm.app/Alarm";
				FRAMEWORK_SEARCH_PATHS = (
					"$(SDKROOT)/Developer/Library/Frameworks",
					"$(inherited)",
					"$(DEVELOPER_FRAMEWORKS_DIR)",
				);
				GCC_PRECOMPILE_PREFIX_HEADER = YES;
				GCC_PREFIX_HEADER = "Alarm/Alarm-Prefix.pch";
				INFOPLIST_FILE = "AlarmTests/AlarmTests-Info.plist";
				PRODUCT_BUNDLE_IDENTIFIER = "com.Meganecomputer.${PRODUCT_NAME:rfc1034identifier}";
				PRODUCT_NAME = "$(TARGET_NAME)";
				TEST_HOST = "$(BUNDLE_LOADER)";
				WRAPPER_EXTENSION = xctest;
			};
			name = Release;
		};
/* End XCBuildConfiguration section */

/* Begin XCConfigurationList section */
		EA3A86A9181A76920094B3C0 /* Build configuration list for PBXProject "Alarm" */ = {
			isa = XCConfigurationList;
			buildConfigurations = (
				EA3A86DE181A76920094B3C0 /* Debug */,
				EA3A86DF181A76920094B3C0 /* Release */,
			);
			defaultConfigurationIsVisible = 0;
			defaultConfigurationName = Debug;
		};
		EA3A86E0181A76920094B3C0 /* Build configuration list for PBXNativeTarget "Deraoki" */ = {
			isa = XCConfigurationList;
			buildConfigurations = (
				EA3A86E1181A76920094B3C0 /* Debug */,
				EA3A86E2181A76920094B3C0 /* Release */,
			);
			defaultConfigurationIsVisible = 0;
			defaultConfigurationName = Debug;
		};
		EA3A86E3181A76920094B3C0 /* Build configuration list for PBXNativeTarget "AlarmTests" */ = {
			isa = XCConfigurationList;
			buildConfigurations = (
				EA3A86E4181A76920094B3C0 /* Debug */,
				EA3A86E5181A76920094B3C0 /* Release */,
			);
			defaultConfigurationIsVisible = 0;
			defaultConfigurationName = Debug;
		};
/* End XCConfigurationList section */
	};
	rootObject = EA3A86A6181A76920094B3C0 /* Project object */;
}
